// !$*UTF8*$!
{
	archiveVersion = 1;
	classes = {
	};
	objectVersion = 50;
	objects = {

/* Begin PBXBuildFile section */
		06A82ED625A180E8001BB7E6 /* AppDelegate.swift in Sources */ = {isa = PBXBuildFile; fileRef = 06A82ED525A180E8001BB7E6 /* AppDelegate.swift */; };
		06A82ED825A180E8001BB7E6 /* SceneDelegate.swift in Sources */ = {isa = PBXBuildFile; fileRef = 06A82ED725A180E8001BB7E6 /* SceneDelegate.swift */; };
		06A82EDA25A180E8001BB7E6 /* ContentView.swift in Sources */ = {isa = PBXBuildFile; fileRef = 06A82ED925A180E8001BB7E6 /* ContentView.swift */; };
		06A82EDD25A180E8001BB7E6 /* FruitMart.xcdatamodeld in Sources */ = {isa = PBXBuildFile; fileRef = 06A82EDB25A180E8001BB7E6 /* FruitMart.xcdatamodeld */; };
		06A82EDF25A180E8001BB7E6 /* Assets.xcassets in Resources */ = {isa = PBXBuildFile; fileRef = 06A82EDE25A180E8001BB7E6 /* Assets.xcassets */; };
		06A82EE225A180E8001BB7E6 /* Preview Assets.xcassets in Resources */ = {isa = PBXBuildFile; fileRef = 06A82EE125A180E8001BB7E6 /* Preview Assets.xcassets */; };
		06A82EE525A180E8001BB7E6 /* LaunchScreen.storyboard in Resources */ = {isa = PBXBuildFile; fileRef = 06A82EE325A180E8001BB7E6 /* LaunchScreen.storyboard */; };
		06A82EF025A180E9001BB7E6 /* FruitMartTests.swift in Sources */ = {isa = PBXBuildFile; fileRef = 06A82EEF25A180E9001BB7E6 /* FruitMartTests.swift */; };
		06A82EFB25A180E9001BB7E6 /* FruitMartUITests.swift in Sources */ = {isa = PBXBuildFile; fileRef = 06A82EFA25A180E9001BB7E6 /* FruitMartUITests.swift */; };
		06A82F0D25A180FE001BB7E6 /* Home.swift in Sources */ = {isa = PBXBuildFile; fileRef = 06A82F0C25A180FE001BB7E6 /* Home.swift */; };
		06A82F1D25A1A2CE001BB7E6 /* ProductRow.swift in Sources */ = {isa = PBXBuildFile; fileRef = 06A82F1C25A1A2CE001BB7E6 /* ProductRow.swift */; };
		06A82F2425A1A617001BB7E6 /* ColorExtension.swift in Sources */ = {isa = PBXBuildFile; fileRef = 06A82F2325A1A617001BB7E6 /* ColorExtension.swift */; };
		1B1BA4A325A2DB8C0011F037 /* SignInView.swift in Sources */ = {isa = PBXBuildFile; fileRef = 1B1BA4A225A2DB8C0011F037 /* SignInView.swift */; };
		1B7EFFA225A2960800C7961C /* Product.swift in Sources */ = {isa = PBXBuildFile; fileRef = 1B7EFFA125A2960800C7961C /* Product.swift */; };
		1BFB316625A47EBA008B1E64 /* BundleExtension.swift in Sources */ = {isa = PBXBuildFile; fileRef = 1BFB316525A47EBA008B1E64 /* BundleExtension.swift */; };
		1BFB316B25A48053008B1E64 /* Store.swift in Sources */ = {isa = PBXBuildFile; fileRef = 1BFB316A25A48053008B1E64 /* Store.swift */; };
		1BFB317525A484A8008B1E64 /* ProductData.json in Resources */ = {isa = PBXBuildFile; fileRef = 1BFB317425A484A8008B1E64 /* ProductData.json */; };
		1BFB317C25A58475008B1E64 /* ProductDetailView.swift in Sources */ = {isa = PBXBuildFile; fileRef = 1BFB317B25A58475008B1E64 /* ProductDetailView.swift */; };
		1BFC8F4525A6D39E004C30C5 /* Preview.swift in Sources */ = {isa = PBXBuildFile; fileRef = 1BFC8F4425A6D39E004C30C5 /* Preview.swift */; };
		1BFC8F4D25A81D44004C30C5 /* UserInteractionView.swift in Sources */ = {isa = PBXBuildFile; fileRef = 1BFC8F4C25A81D44004C30C5 /* UserInteractionView.swift */; };
		1BFC8F5225A87311004C30C5 /* EnviromentObjectview.swift in Sources */ = {isa = PBXBuildFile; fileRef = 1BFC8F5125A87311004C30C5 /* EnviromentObjectview.swift */; };
/* End PBXBuildFile section */

/* Begin PBXContainerItemProxy section */
		06A82EEC25A180E9001BB7E6 /* PBXContainerItemProxy */ = {
			isa = PBXContainerItemProxy;
			containerPortal = 06A82ECA25A180E8001BB7E6 /* Project object */;
			proxyType = 1;
			remoteGlobalIDString = 06A82ED125A180E8001BB7E6;
			remoteInfo = FruitMart;
		};
		06A82EF725A180E9001BB7E6 /* PBXContainerItemProxy */ = {
			isa = PBXContainerItemProxy;
			containerPortal = 06A82ECA25A180E8001BB7E6 /* Project object */;
			proxyType = 1;
			remoteGlobalIDString = 06A82ED125A180E8001BB7E6;
			remoteInfo = FruitMart;
		};
/* End PBXContainerItemProxy section */

/* Begin PBXFileReference section */
		06A82ED225A180E8001BB7E6 /* FruitMart.app */ = {isa = PBXFileReference; explicitFileType = wrapper.application; includeInIndex = 0; path = FruitMart.app; sourceTree = BUILT_PRODUCTS_DIR; };
		06A82ED525A180E8001BB7E6 /* AppDelegate.swift */ = {isa = PBXFileReference; lastKnownFileType = sourcecode.swift; path = AppDelegate.swift; sourceTree = "<group>"; };
		06A82ED725A180E8001BB7E6 /* SceneDelegate.swift */ = {isa = PBXFileReference; lastKnownFileType = sourcecode.swift; path = SceneDelegate.swift; sourceTree = "<group>"; };
		06A82ED925A180E8001BB7E6 /* ContentView.swift */ = {isa = PBXFileReference; lastKnownFileType = sourcecode.swift; path = ContentView.swift; sourceTree = "<group>"; };
		06A82EDC25A180E8001BB7E6 /* FruitMart.xcdatamodel */ = {isa = PBXFileReference; lastKnownFileType = wrapper.xcdatamodel; path = FruitMart.xcdatamodel; sourceTree = "<group>"; };
		06A82EDE25A180E8001BB7E6 /* Assets.xcassets */ = {isa = PBXFileReference; lastKnownFileType = folder.assetcatalog; path = Assets.xcassets; sourceTree = "<group>"; };
		06A82EE125A180E8001BB7E6 /* Preview Assets.xcassets */ = {isa = PBXFileReference; lastKnownFileType = folder.assetcatalog; path = "Preview Assets.xcassets"; sourceTree = "<group>"; };
		06A82EE425A180E8001BB7E6 /* Base */ = {isa = PBXFileReference; lastKnownFileType = file.storyboard; name = Base; path = Base.lproj/LaunchScreen.storyboard; sourceTree = "<group>"; };
		06A82EE625A180E8001BB7E6 /* Info.plist */ = {isa = PBXFileReference; lastKnownFileType = text.plist.xml; path = Info.plist; sourceTree = "<group>"; };
		06A82EEB25A180E9001BB7E6 /* FruitMartTests.xctest */ = {isa = PBXFileReference; explicitFileType = wrapper.cfbundle; includeInIndex = 0; path = FruitMartTests.xctest; sourceTree = BUILT_PRODUCTS_DIR; };
		06A82EEF25A180E9001BB7E6 /* FruitMartTests.swift */ = {isa = PBXFileReference; lastKnownFileType = sourcecode.swift; path = FruitMartTests.swift; sourceTree = "<group>"; };
		06A82EF125A180E9001BB7E6 /* Info.plist */ = {isa = PBXFileReference; lastKnownFileType = text.plist.xml; path = Info.plist; sourceTree = "<group>"; };
		06A82EF625A180E9001BB7E6 /* FruitMartUITests.xctest */ = {isa = PBXFileReference; explicitFileType = wrapper.cfbundle; includeInIndex = 0; path = FruitMartUITests.xctest; sourceTree = BUILT_PRODUCTS_DIR; };
		06A82EFA25A180E9001BB7E6 /* FruitMartUITests.swift */ = {isa = PBXFileReference; lastKnownFileType = sourcecode.swift; path = FruitMartUITests.swift; sourceTree = "<group>"; };
		06A82EFC25A180E9001BB7E6 /* Info.plist */ = {isa = PBXFileReference; lastKnownFileType = text.plist.xml; path = Info.plist; sourceTree = "<group>"; };
		06A82F0C25A180FE001BB7E6 /* Home.swift */ = {isa = PBXFileReference; lastKnownFileType = sourcecode.swift; path = Home.swift; sourceTree = "<group>"; };
		06A82F1C25A1A2CE001BB7E6 /* ProductRow.swift */ = {isa = PBXFileReference; lastKnownFileType = sourcecode.swift; path = ProductRow.swift; sourceTree = "<group>"; };
		06A82F2325A1A617001BB7E6 /* ColorExtension.swift */ = {isa = PBXFileReference; lastKnownFileType = sourcecode.swift; path = ColorExtension.swift; sourceTree = "<group>"; };
		1B1BA4A225A2DB8C0011F037 /* SignInView.swift */ = {isa = PBXFileReference; lastKnownFileType = sourcecode.swift; path = SignInView.swift; sourceTree = "<group>"; };
		1B7EFFA125A2960800C7961C /* Product.swift */ = {isa = PBXFileReference; fileEncoding = 4; lastKnownFileType = sourcecode.swift; path = Product.swift; sourceTree = "<group>"; };
		1BFB316525A47EBA008B1E64 /* BundleExtension.swift */ = {isa = PBXFileReference; lastKnownFileType = sourcecode.swift; path = BundleExtension.swift; sourceTree = "<group>"; };
		1BFB316A25A48053008B1E64 /* Store.swift */ = {isa = PBXFileReference; lastKnownFileType = sourcecode.swift; path = Store.swift; sourceTree = "<group>"; };
		1BFB317425A484A8008B1E64 /* ProductData.json */ = {isa = PBXFileReference; fileEncoding = 4; lastKnownFileType = text.json; path = ProductData.json; sourceTree = "<group>"; };
		1BFB317B25A58475008B1E64 /* ProductDetailView.swift */ = {isa = PBXFileReference; lastKnownFileType = sourcecode.swift; path = ProductDetailView.swift; sourceTree = "<group>"; };
		1BFC8F4425A6D39E004C30C5 /* Preview.swift */ = {isa = PBXFileReference; lastKnownFileType = sourcecode.swift; path = Preview.swift; sourceTree = "<group>"; };
		1BFC8F4C25A81D44004C30C5 /* UserInteractionView.swift */ = {isa = PBXFileReference; lastKnownFileType = sourcecode.swift; path = UserInteractionView.swift; sourceTree = "<group>"; };
		1BFC8F5125A87311004C30C5 /* EnviromentObjectview.swift */ = {isa = PBXFileReference; lastKnownFileType = sourcecode.swift; path = EnviromentObjectview.swift; sourceTree = "<group>"; };
/* End PBXFileReference section */

/* Begin PBXFrameworksBuildPhase section */
		06A82ECF25A180E8001BB7E6 /* Frameworks */ = {
			isa = PBXFrameworksBuildPhase;
			buildActionMask = 2147483647;
			files = (
			);
			runOnlyForDeploymentPostprocessing = 0;
		};
		06A82EE825A180E9001BB7E6 /* Frameworks */ = {
			isa = PBXFrameworksBuildPhase;
			buildActionMask = 2147483647;
			files = (
			);
			runOnlyForDeploymentPostprocessing = 0;
		};
		06A82EF325A180E9001BB7E6 /* Frameworks */ = {
			isa = PBXFrameworksBuildPhase;
			buildActionMask = 2147483647;
			files = (
			);
			runOnlyForDeploymentPostprocessing = 0;
		};
/* End PBXFrameworksBuildPhase section */

/* Begin PBXGroup section */
		06A82EC925A180E8001BB7E6 = {
			isa = PBXGroup;
			children = (
				06A82ED425A180E8001BB7E6 /* FruitMart */,
				06A82EEE25A180E9001BB7E6 /* FruitMartTests */,
				06A82EF925A180E9001BB7E6 /* FruitMartUITests */,
				06A82ED325A180E8001BB7E6 /* Products */,
			);
			sourceTree = "<group>";
		};
		06A82ED325A180E8001BB7E6 /* Products */ = {
			isa = PBXGroup;
			children = (
				06A82ED225A180E8001BB7E6 /* FruitMart.app */,
				06A82EEB25A180E9001BB7E6 /* FruitMartTests.xctest */,
				06A82EF625A180E9001BB7E6 /* FruitMartUITests.xctest */,
			);
			name = Products;
			sourceTree = "<group>";
		};
		06A82ED425A180E8001BB7E6 /* FruitMart */ = {
			isa = PBXGroup;
			children = (
				1B7EFF9A25A294B000C7961C /* Model */,
				06A82F2125A1A604001BB7E6 /* Helper */,
				06A82F1425A1810D001BB7E6 /* Resources */,
				06A82F0B25A180F9001BB7E6 /* View */,
				06A82ED525A180E8001BB7E6 /* AppDelegate.swift */,
				06A82ED725A180E8001BB7E6 /* SceneDelegate.swift */,
				06A82ED925A180E8001BB7E6 /* ContentView.swift */,
				06A82EE325A180E8001BB7E6 /* LaunchScreen.storyboard */,
				06A82EE625A180E8001BB7E6 /* Info.plist */,
				06A82EDB25A180E8001BB7E6 /* FruitMart.xcdatamodeld */,
				06A82EE025A180E8001BB7E6 /* Preview Content */,
			);
			path = FruitMart;
			sourceTree = "<group>";
		};
		06A82EE025A180E8001BB7E6 /* Preview Content */ = {
			isa = PBXGroup;
			children = (
				06A82EE125A180E8001BB7E6 /* Preview Assets.xcassets */,
			);
			path = "Preview Content";
			sourceTree = "<group>";
		};
		06A82EEE25A180E9001BB7E6 /* FruitMartTests */ = {
			isa = PBXGroup;
			children = (
				06A82EEF25A180E9001BB7E6 /* FruitMartTests.swift */,
				06A82EF125A180E9001BB7E6 /* Info.plist */,
			);
			path = FruitMartTests;
			sourceTree = "<group>";
		};
		06A82EF925A180E9001BB7E6 /* FruitMartUITests */ = {
			isa = PBXGroup;
			children = (
				06A82EFA25A180E9001BB7E6 /* FruitMartUITests.swift */,
				06A82EFC25A180E9001BB7E6 /* Info.plist */,
			);
			path = FruitMartUITests;
			sourceTree = "<group>";
		};
		06A82F0B25A180F9001BB7E6 /* View */ = {
			isa = PBXGroup;
			children = (
				06A82F0C25A180FE001BB7E6 /* Home.swift */,
				06A82F1C25A1A2CE001BB7E6 /* ProductRow.swift */,
				1B1BA4A225A2DB8C0011F037 /* SignInView.swift */,
				1BFB317B25A58475008B1E64 /* ProductDetailView.swift */,
				1BFC8F4C25A81D44004C30C5 /* UserInteractionView.swift */,
				1BFC8F5125A87311004C30C5 /* EnviromentObjectview.swift */,
			);
			path = View;
			sourceTree = "<group>";
		};
		06A82F1425A1810D001BB7E6 /* Resources */ = {
			isa = PBXGroup;
			children = (
				06A82EDE25A180E8001BB7E6 /* Assets.xcassets */,
				1BFB317425A484A8008B1E64 /* ProductData.json */,
			);
			path = Resources;
			sourceTree = "<group>";
		};
		06A82F2125A1A604001BB7E6 /* Helper */ = {
			isa = PBXGroup;
			children = (
				1BFC8F4325A6D391004C30C5 /* CustomView */,
				06A82F2225A1A60B001BB7E6 /* Extension */,
			);
			path = Helper;
			sourceTree = "<group>";
		};
		06A82F2225A1A60B001BB7E6 /* Extension */ = {
			isa = PBXGroup;
			children = (
				06A82F2325A1A617001BB7E6 /* ColorExtension.swift */,
				1BFB316525A47EBA008B1E64 /* BundleExtension.swift */,
			);
			path = Extension;
			sourceTree = "<group>";
		};
		1B7EFF9A25A294B000C7961C /* Model */ = {
			isa = PBXGroup;
			children = (
				1B7EFFA125A2960800C7961C /* Product.swift */,
				1BFB316A25A48053008B1E64 /* Store.swift */,
			);
			path = Model;
			sourceTree = "<group>";
		};
		1BFC8F4325A6D391004C30C5 /* CustomView */ = {
			isa = PBXGroup;
			children = (
				1BFC8F4425A6D39E004C30C5 /* Preview.swift */,
			);
			path = CustomView;
			sourceTree = "<group>";
		};
/* End PBXGroup section */

/* Begin PBXNativeTarget section */
		06A82ED125A180E8001BB7E6 /* FruitMart */ = {
			isa = PBXNativeTarget;
			buildConfigurationList = 06A82EFF25A180E9001BB7E6 /* Build configuration list for PBXNativeTarget "FruitMart" */;
			buildPhases = (
				06A82ECE25A180E8001BB7E6 /* Sources */,
				06A82ECF25A180E8001BB7E6 /* Frameworks */,
				06A82ED025A180E8001BB7E6 /* Resources */,
			);
			buildRules = (
			);
			dependencies = (
			);
			name = FruitMart;
			productName = FruitMart;
			productReference = 06A82ED225A180E8001BB7E6 /* FruitMart.app */;
			productType = "com.apple.product-type.application";
		};
		06A82EEA25A180E9001BB7E6 /* FruitMartTests */ = {
			isa = PBXNativeTarget;
			buildConfigurationList = 06A82F0225A180E9001BB7E6 /* Build configuration list for PBXNativeTarget "FruitMartTests" */;
			buildPhases = (
				06A82EE725A180E9001BB7E6 /* Sources */,
				06A82EE825A180E9001BB7E6 /* Frameworks */,
				06A82EE925A180E9001BB7E6 /* Resources */,
			);
			buildRules = (
			);
			dependencies = (
				06A82EED25A180E9001BB7E6 /* PBXTargetDependency */,
			);
			name = FruitMartTests;
			productName = FruitMartTests;
			productReference = 06A82EEB25A180E9001BB7E6 /* FruitMartTests.xctest */;
			productType = "com.apple.product-type.bundle.unit-test";
		};
		06A82EF525A180E9001BB7E6 /* FruitMartUITests */ = {
			isa = PBXNativeTarget;
			buildConfigurationList = 06A82F0525A180E9001BB7E6 /* Build configuration list for PBXNativeTarget "FruitMartUITests" */;
			buildPhases = (
				06A82EF225A180E9001BB7E6 /* Sources */,
				06A82EF325A180E9001BB7E6 /* Frameworks */,
				06A82EF425A180E9001BB7E6 /* Resources */,
			);
			buildRules = (
			);
			dependencies = (
				06A82EF825A180E9001BB7E6 /* PBXTargetDependency */,
			);
			name = FruitMartUITests;
			productName = FruitMartUITests;
			productReference = 06A82EF625A180E9001BB7E6 /* FruitMartUITests.xctest */;
			productType = "com.apple.product-type.bundle.ui-testing";
		};
/* End PBXNativeTarget section */

/* Begin PBXProject section */
		06A82ECA25A180E8001BB7E6 /* Project object */ = {
			isa = PBXProject;
			attributes = {
				LastSwiftUpdateCheck = 1230;
				LastUpgradeCheck = 1230;
				TargetAttributes = {
					06A82ED125A180E8001BB7E6 = {
						CreatedOnToolsVersion = 12.3;
					};
					06A82EEA25A180E9001BB7E6 = {
						CreatedOnToolsVersion = 12.3;
						TestTargetID = 06A82ED125A180E8001BB7E6;
					};
					06A82EF525A180E9001BB7E6 = {
						CreatedOnToolsVersion = 12.3;
						TestTargetID = 06A82ED125A180E8001BB7E6;
					};
				};
			};
			buildConfigurationList = 06A82ECD25A180E8001BB7E6 /* Build configuration list for PBXProject "FruitMart" */;
			compatibilityVersion = "Xcode 9.3";
			developmentRegion = en;
			hasScannedForEncodings = 0;
			knownRegions = (
				en,
				Base,
			);
			mainGroup = 06A82EC925A180E8001BB7E6;
			productRefGroup = 06A82ED325A180E8001BB7E6 /* Products */;
			projectDirPath = "";
			projectRoot = "";
			targets = (
				06A82ED125A180E8001BB7E6 /* FruitMart */,
				06A82EEA25A180E9001BB7E6 /* FruitMartTests */,
				06A82EF525A180E9001BB7E6 /* FruitMartUITests */,
			);
		};
/* End PBXProject section */

/* Begin PBXResourcesBuildPhase section */
		06A82ED025A180E8001BB7E6 /* Resources */ = {
			isa = PBXResourcesBuildPhase;
			buildActionMask = 2147483647;
			files = (
				06A82EE525A180E8001BB7E6 /* LaunchScreen.storyboard in Resources */,
				06A82EE225A180E8001BB7E6 /* Preview Assets.xcassets in Resources */,
				06A82EDF25A180E8001BB7E6 /* Assets.xcassets in Resources */,
				1BFB317525A484A8008B1E64 /* ProductData.json in Resources */,
			);
			runOnlyForDeploymentPostprocessing = 0;
		};
		06A82EE925A180E9001BB7E6 /* Resources */ = {
			isa = PBXResourcesBuildPhase;
			buildActionMask = 2147483647;
			files = (
			);
			runOnlyForDeploymentPostprocessing = 0;
		};
		06A82EF425A180E9001BB7E6 /* Resources */ = {
			isa = PBXResourcesBuildPhase;
			buildActionMask = 2147483647;
			files = (
			);
			runOnlyForDeploymentPostprocessing = 0;
		};
/* End PBXResourcesBuildPhase section */

/* Begin PBXSourcesBuildPhase section */
		06A82ECE25A180E8001BB7E6 /* Sources */ = {
			isa = PBXSourcesBuildPhase;
			buildActionMask = 2147483647;
			files = (
				1B1BA4A325A2DB8C0011F037 /* SignInView.swift in Sources */,
				06A82EDD25A180E8001BB7E6 /* FruitMart.xcdatamodeld in Sources */,
				1BFC8F4D25A81D44004C30C5 /* UserInteractionView.swift in Sources */,
				1B7EFFA225A2960800C7961C /* Product.swift in Sources */,
				06A82ED625A180E8001BB7E6 /* AppDelegate.swift in Sources */,
				06A82F1D25A1A2CE001BB7E6 /* ProductRow.swift in Sources */,
				1BFB317C25A58475008B1E64 /* ProductDetailView.swift in Sources */,
				1BFB316625A47EBA008B1E64 /* BundleExtension.swift in Sources */,
				1BFC8F4525A6D39E004C30C5 /* Preview.swift in Sources */,
				1BFC8F5225A87311004C30C5 /* EnviromentObjectview.swift in Sources */,
				1BFB316B25A48053008B1E64 /* Store.swift in Sources */,
				06A82F0D25A180FE001BB7E6 /* Home.swift in Sources */,
				06A82ED825A180E8001BB7E6 /* SceneDelegate.swift in Sources */,
				06A82F2425A1A617001BB7E6 /* ColorExtension.swift in Sources */,
				06A82EDA25A180E8001BB7E6 /* ContentView.swift in Sources */,
			);
			runOnlyForDeploymentPostprocessing = 0;
		};
		06A82EE725A180E9001BB7E6 /* Sources */ = {
			isa = PBXSourcesBuildPhase;
			buildActionMask = 2147483647;
			files = (
				06A82EF025A180E9001BB7E6 /* FruitMartTests.swift in Sources */,
			);
			runOnlyForDeploymentPostprocessing = 0;
		};
		06A82EF225A180E9001BB7E6 /* Sources */ = {
			isa = PBXSourcesBuildPhase;
			buildActionMask = 2147483647;
			files = (
				06A82EFB25A180E9001BB7E6 /* FruitMartUITests.swift in Sources */,
			);
			runOnlyForDeploymentPostprocessing = 0;
		};
/* End PBXSourcesBuildPhase section */

/* Begin PBXTargetDependency section */
		06A82EED25A180E9001BB7E6 /* PBXTargetDependency */ = {
			isa = PBXTargetDependency;
			target = 06A82ED125A180E8001BB7E6 /* FruitMart */;
			targetProxy = 06A82EEC25A180E9001BB7E6 /* PBXContainerItemProxy */;
		};
		06A82EF825A180E9001BB7E6 /* PBXTargetDependency */ = {
			isa = PBXTargetDependency;
			target = 06A82ED125A180E8001BB7E6 /* FruitMart */;
			targetProxy = 06A82EF725A180E9001BB7E6 /* PBXContainerItemProxy */;
		};
/* End PBXTargetDependency section */

/* Begin PBXVariantGroup section */
		06A82EE325A180E8001BB7E6 /* LaunchScreen.storyboard */ = {
			isa = PBXVariantGroup;
			children = (
				06A82EE425A180E8001BB7E6 /* Base */,
			);
			name = LaunchScreen.storyboard;
			sourceTree = "<group>";
		};
/* End PBXVariantGroup section */

/* Begin XCBuildConfiguration section */
		06A82EFD25A180E9001BB7E6 /* Debug */ = {
			isa = XCBuildConfiguration;
			buildSettings = {
				ALWAYS_SEARCH_USER_PATHS = NO;
				CLANG_ANALYZER_NONNULL = YES;
				CLANG_ANALYZER_NUMBER_OBJECT_CONVERSION = YES_AGGRESSIVE;
				CLANG_CXX_LANGUAGE_STANDARD = "gnu++14";
				CLANG_CXX_LIBRARY = "libc++";
				CLANG_ENABLE_MODULES = YES;
				CLANG_ENABLE_OBJC_ARC = YES;
				CLANG_ENABLE_OBJC_WEAK = YES;
				CLANG_WARN_BLOCK_CAPTURE_AUTORELEASING = YES;
				CLANG_WARN_BOOL_CONVERSION = YES;
				CLANG_WARN_COMMA = YES;
				CLANG_WARN_CONSTANT_CONVERSION = YES;
				CLANG_WARN_DEPRECATED_OBJC_IMPLEMENTATIONS = YES;
				CLANG_WARN_DIRECT_OBJC_ISA_USAGE = YES_ERROR;
				CLANG_WARN_DOCUMENTATION_COMMENTS = YES;
				CLANG_WARN_EMPTY_BODY = YES;
				CLANG_WARN_ENUM_CONVERSION = YES;
				CLANG_WARN_INFINITE_RECURSION = YES;
				CLANG_WARN_INT_CONVERSION = YES;
				CLANG_WARN_NON_LITERAL_NULL_CONVERSION = YES;
				CLANG_WARN_OBJC_IMPLICIT_RETAIN_SELF = YES;
				CLANG_WARN_OBJC_LITERAL_CONVERSION = YES;
				CLANG_WARN_OBJC_ROOT_CLASS = YES_ERROR;
				CLANG_WARN_QUOTED_INCLUDE_IN_FRAMEWORK_HEADER = YES;
				CLANG_WARN_RANGE_LOOP_ANALYSIS = YES;
				CLANG_WARN_STRICT_PROTOTYPES = YES;
				CLANG_WARN_SUSPICIOUS_MOVE = YES;
				CLANG_WARN_UNGUARDED_AVAILABILITY = YES_AGGRESSIVE;
				CLANG_WARN_UNREACHABLE_CODE = YES;
				CLANG_WARN__DUPLICATE_METHOD_MATCH = YES;
				COPY_PHASE_STRIP = NO;
				DEBUG_INFORMATION_FORMAT = dwarf;
				ENABLE_STRICT_OBJC_MSGSEND = YES;
				ENABLE_TESTABILITY = YES;
				GCC_C_LANGUAGE_STANDARD = gnu11;
				GCC_DYNAMIC_NO_PIC = NO;
				GCC_NO_COMMON_BLOCKS = YES;
				GCC_OPTIMIZATION_LEVEL = 0;
				GCC_PREPROCESSOR_DEFINITIONS = (
					"DEBUG=1",
					"$(inherited)",
				);
				GCC_WARN_64_TO_32_BIT_CONVERSION = YES;
				GCC_WARN_ABOUT_RETURN_TYPE = YES_ERROR;
				GCC_WARN_UNDECLARED_SELECTOR = YES;
				GCC_WARN_UNINITIALIZED_AUTOS = YES_AGGRESSIVE;
				GCC_WARN_UNUSED_FUNCTION = YES;
				GCC_WARN_UNUSED_VARIABLE = YES;
				IPHONEOS_DEPLOYMENT_TARGET = 14.3;
				MTL_ENABLE_DEBUG_INFO = INCLUDE_SOURCE;
				MTL_FAST_MATH = YES;
				ONLY_ACTIVE_ARCH = YES;
				SDKROOT = iphoneos;
				SWIFT_ACTIVE_COMPILATION_CONDITIONS = DEBUG;
				SWIFT_OPTIMIZATION_LEVEL = "-Onone";
			};
			name = Debug;
		};
		06A82EFE25A180E9001BB7E6 /* Release */ = {
			isa = XCBuildConfiguration;
			buildSettings = {
				ALWAYS_SEARCH_USER_PATHS = NO;
				CLANG_ANALYZER_NONNULL = YES;
				CLANG_ANALYZER_NUMBER_OBJECT_CONVERSION = YES_AGGRESSIVE;
				CLANG_CXX_LANGUAGE_STANDARD = "gnu++14";
				CLANG_CXX_LIBRARY = "libc++";
				CLANG_ENABLE_MODULES = YES;
				CLANG_ENABLE_OBJC_ARC = YES;
				CLANG_ENABLE_OBJC_WEAK = YES;
				CLANG_WARN_BLOCK_CAPTURE_AUTORELEASING = YES;
				CLANG_WARN_BOOL_CONVERSION = YES;
				CLANG_WARN_COMMA = YES;
				CLANG_WARN_CONSTANT_CONVERSION = YES;
				CLANG_WARN_DEPRECATED_OBJC_IMPLEMENTATIONS = YES;
				CLANG_WARN_DIRECT_OBJC_ISA_USAGE = YES_ERROR;
				CLANG_WARN_DOCUMENTATION_COMMENTS = YES;
				CLANG_WARN_EMPTY_BODY = YES;
				CLANG_WARN_ENUM_CONVERSION = YES;
				CLANG_WARN_INFINITE_RECURSION = YES;
				CLANG_WARN_INT_CONVERSION = YES;
				CLANG_WARN_NON_LITERAL_NULL_CONVERSION = YES;
				CLANG_WARN_OBJC_IMPLICIT_RETAIN_SELF = YES;
				CLANG_WARN_OBJC_LITERAL_CONVERSION = YES;
				CLANG_WARN_OBJC_ROOT_CLASS = YES_ERROR;
				CLANG_WARN_QUOTED_INCLUDE_IN_FRAMEWORK_HEADER = YES;
				CLANG_WARN_RANGE_LOOP_ANALYSIS = YES;
				CLANG_WARN_STRICT_PROTOTYPES = YES;
				CLANG_WARN_SUSPICIOUS_MOVE = YES;
				CLANG_WARN_UNGUARDED_AVAILABILITY = YES_AGGRESSIVE;
				CLANG_WARN_UNREACHABLE_CODE = YES;
				CLANG_WARN__DUPLICATE_METHOD_MATCH = YES;
				COPY_PHASE_STRIP = NO;
				DEBUG_INFORMATION_FORMAT = "dwarf-with-dsym";
				ENABLE_NS_ASSERTIONS = NO;
				ENABLE_STRICT_OBJC_MSGSEND = YES;
				GCC_C_LANGUAGE_STANDARD = gnu11;
				GCC_NO_COMMON_BLOCKS = YES;
				GCC_WARN_64_TO_32_BIT_CONVERSION = YES;
				GCC_WARN_ABOUT_RETURN_TYPE = YES_ERROR;
				GCC_WARN_UNDECLARED_SELECTOR = YES;
				GCC_WARN_UNINITIALIZED_AUTOS = YES_AGGRESSIVE;
				GCC_WARN_UNUSED_FUNCTION = YES;
				GCC_WARN_UNUSED_VARIABLE = YES;
				IPHONEOS_DEPLOYMENT_TARGET = 14.3;
				MTL_ENABLE_DEBUG_INFO = NO;
				MTL_FAST_MATH = YES;
				SDKROOT = iphoneos;
				SWIFT_COMPILATION_MODE = wholemodule;
				SWIFT_OPTIMIZATION_LEVEL = "-O";
				VALIDATE_PRODUCT = YES;
			};
			name = Release;
		};
		06A82F0025A180E9001BB7E6 /* Debug */ = {
			isa = XCBuildConfiguration;
			buildSettings = {
				ASSETCATALOG_COMPILER_APPICON_NAME = AppIcon;
				ASSETCATALOG_COMPILER_GLOBAL_ACCENT_COLOR_NAME = AccentColor;
				CODE_SIGN_STYLE = Automatic;
				DEVELOPMENT_ASSET_PATHS = "\"FruitMart/Preview Content\"";
				DEVELOPMENT_TEAM = 9P6WAX9VN5;
				ENABLE_PREVIEWS = YES;
				INFOPLIST_FILE = FruitMart/Info.plist;
				LD_RUNPATH_SEARCH_PATHS = (
					"$(inherited)",
					"@executable_path/Frameworks",
				);
				PRODUCT_BUNDLE_IDENTIFIER = kr.co.FruitMart;
				PRODUCT_NAME = "$(TARGET_NAME)";
				SWIFT_VERSION = 5.0;
				TARGETED_DEVICE_FAMILY = "1,2";
			};
			name = Debug;
		};
		06A82F0125A180E9001BB7E6 /* Release */ = {
			isa = XCBuildConfiguration;
			buildSettings = {
				ASSETCATALOG_COMPILER_APPICON_NAME = AppIcon;
				ASSETCATALOG_COMPILER_GLOBAL_ACCENT_COLOR_NAME = AccentColor;
				CODE_SIGN_STYLE = Automatic;
				DEVELOPMENT_ASSET_PATHS = "\"FruitMart/Preview Content\"";
				DEVELOPMENT_TEAM = 9P6WAX9VN5;
				ENABLE_PREVIEWS = YES;
				INFOPLIST_FILE = FruitMart/Info.plist;
				LD_RUNPATH_SEARCH_PATHS = (
					"$(inherited)",
					"@executable_path/Frameworks",
				);
				PRODUCT_BUNDLE_IDENTIFIER = kr.co.FruitMart;
				PRODUCT_NAME = "$(TARGET_NAME)";
				SWIFT_VERSION = 5.0;
				TARGETED_DEVICE_FAMILY = "1,2";
			};
			name = Release;
		};
		06A82F0325A180E9001BB7E6 /* Debug */ = {
			isa = XCBuildConfiguration;
			buildSettings = {
				ALWAYS_EMBED_SWIFT_STANDARD_LIBRARIES = YES;
				BUNDLE_LOADER = "$(TEST_HOST)";
				CODE_SIGN_STYLE = Automatic;
				DEVELOPMENT_TEAM = 9P6WAX9VN5;
				INFOPLIST_FILE = FruitMartTests/Info.plist;
				IPHONEOS_DEPLOYMENT_TARGET = 14.3;
				LD_RUNPATH_SEARCH_PATHS = (
					"$(inherited)",
					"@executable_path/Frameworks",
					"@loader_path/Frameworks",
				);
				PRODUCT_BUNDLE_IDENTIFIER = kr.co.FruitMartTests;
				PRODUCT_NAME = "$(TARGET_NAME)";
				SWIFT_VERSION = 5.0;
				TARGETED_DEVICE_FAMILY = "1,2";
				TEST_HOST = "$(BUILT_PRODUCTS_DIR)/FruitMart.app/FruitMart";
			};
			name = Debug;
		};
		06A82F0425A180E9001BB7E6 /* Release */ = {
			isa = XCBuildConfiguration;
			buildSettings = {
				ALWAYS_EMBED_SWIFT_STANDARD_LIBRARIES = YES;
				BUNDLE_LOADER = "$(TEST_HOST)";
				CODE_SIGN_STYLE = Automatic;
				DEVELOPMENT_TEAM = 9P6WAX9VN5;
				INFOPLIST_FILE = FruitMartTests/Info.plist;
				IPHONEOS_DEPLOYMENT_TARGET = 14.3;
				LD_RUNPATH_SEARCH_PATHS = (
					"$(inherited)",
					"@executable_path/Frameworks",
					"@loader_path/Frameworks",
				);
				PRODUCT_BUNDLE_IDENTIFIER = kr.co.FruitMartTests;
				PRODUCT_NAME = "$(TARGET_NAME)";
				SWIFT_VERSION = 5.0;
				TARGETED_DEVICE_FAMILY = "1,2";
				TEST_HOST = "$(BUILT_PRODUCTS_DIR)/FruitMart.app/FruitMart";
			};
			name = Release;
		};
		06A82F0625A180E9001BB7E6 /* Debug */ = {
			isa = XCBuildConfiguration;
			buildSettings = {
				ALWAYS_EMBED_SWIFT_STANDARD_LIBRARIES = YES;
				CODE_SIGN_STYLE = Automatic;
				DEVELOPMENT_TEAM = 9P6WAX9VN5;
				INFOPLIST_FILE = FruitMartUITests/Info.plist;
				LD_RUNPATH_SEARCH_PATHS = (
					"$(inherited)",
					"@executable_path/Frameworks",
					"@loader_path/Frameworks",
				);
				PRODUCT_BUNDLE_IDENTIFIER = kr.co.FruitMartUITests;
				PRODUCT_NAME = "$(TARGET_NAME)";
				SWIFT_VERSION = 5.0;
				TARGETED_DEVICE_FAMILY = "1,2";
				TEST_TARGET_NAME = FruitMart;
			};
			name = Debug;
		};
		06A82F0725A180E9001BB7E6 /* Release */ = {
			isa = XCBuildConfiguration;
			buildSettings = {
				ALWAYS_EMBED_SWIFT_STANDARD_LIBRARIES = YES;
				CODE_SIGN_STYLE = Automatic;
				DEVELOPMENT_TEAM = 9P6WAX9VN5;
				INFOPLIST_FILE = FruitMartUITests/Info.plist;
				LD_RUNPATH_SEARCH_PATHS = (
					"$(inherited)",
					"@executable_path/Frameworks",
					"@loader_path/Frameworks",
				);
				PRODUCT_BUNDLE_IDENTIFIER = kr.co.FruitMartUITests;
				PRODUCT_NAME = "$(TARGET_NAME)";
				SWIFT_VERSION = 5.0;
				TARGETED_DEVICE_FAMILY = "1,2";
				TEST_TARGET_NAME = FruitMart;
			};
			name = Release;
		};
/* End XCBuildConfiguration section */

/* Begin XCConfigurationList section */
		06A82ECD25A180E8001BB7E6 /* Build configuration list for PBXProject "FruitMart" */ = {
			isa = XCConfigurationList;
			buildConfigurations = (
				06A82EFD25A180E9001BB7E6 /* Debug */,
				06A82EFE25A180E9001BB7E6 /* Release */,
			);
			defaultConfigurationIsVisible = 0;
			defaultConfigurationName = Release;
		};
		06A82EFF25A180E9001BB7E6 /* Build configuration list for PBXNativeTarget "FruitMart" */ = {
			isa = XCConfigurationList;
			buildConfigurations = (
				06A82F0025A180E9001BB7E6 /* Debug */,
				06A82F0125A180E9001BB7E6 /* Release */,
			);
			defaultConfigurationIsVisible = 0;
			defaultConfigurationName = Release;
		};
		06A82F0225A180E9001BB7E6 /* Build configuration list for PBXNativeTarget "FruitMartTests" */ = {
			isa = XCConfigurationList;
			buildConfigurations = (
				06A82F0325A180E9001BB7E6 /* Debug */,
				06A82F0425A180E9001BB7E6 /* Release */,
			);
			defaultConfigurationIsVisible = 0;
			defaultConfigurationName = Release;
		};
		06A82F0525A180E9001BB7E6 /* Build configuration list for PBXNativeTarget "FruitMartUITests" */ = {
			isa = XCConfigurationList;
			buildConfigurations = (
				06A82F0625A180E9001BB7E6 /* Debug */,
				06A82F0725A180E9001BB7E6 /* Release */,
			);
			defaultConfigurationIsVisible = 0;
			defaultConfigurationName = Release;
		};
/* End XCConfigurationList section */

/* Begin XCVersionGroup section */
		06A82EDB25A180E8001BB7E6 /* FruitMart.xcdatamodeld */ = {
			isa = XCVersionGroup;
			children = (
				06A82EDC25A180E8001BB7E6 /* FruitMart.xcdatamodel */,
			);
			currentVersion = 06A82EDC25A180E8001BB7E6 /* FruitMart.xcdatamodel */;
			path = FruitMart.xcdatamodeld;
			sourceTree = "<group>";
			versionGroupType = wrapper.xcdatamodel;
		};
/* End XCVersionGroup section */
	};
	rootObject = 06A82ECA25A180E8001BB7E6 /* Project object */;
}
