// !$*UTF8*$!
{
	archiveVersion = 1;
	classes = {
	};
	objectVersion = 52;
	objects = {

/* Begin PBXBuildFile section */
		0207C0F3717778AB309013A2 /* Pods_FruitMart_FruitMartUITests.framework in Frameworks */ = {isa = PBXBuildFile; fileRef = 91302CB609A6A3962CEECEE4 /* Pods_FruitMart_FruitMartUITests.framework */; };
		06A0DFBA25BD2407005E37BE /* TestCustomScrollView.swift in Sources */ = {isa = PBXBuildFile; fileRef = 06A0DFB925BD2407005E37BE /* TestCustomScrollView.swift */; };
		06A82ED625A180E8001BB7E6 /* AppDelegate.swift in Sources */ = {isa = PBXBuildFile; fileRef = 06A82ED525A180E8001BB7E6 /* AppDelegate.swift */; };
		06A82ED825A180E8001BB7E6 /* SceneDelegate.swift in Sources */ = {isa = PBXBuildFile; fileRef = 06A82ED725A180E8001BB7E6 /* SceneDelegate.swift */; };
		06A82EDA25A180E8001BB7E6 /* ContentView.swift in Sources */ = {isa = PBXBuildFile; fileRef = 06A82ED925A180E8001BB7E6 /* ContentView.swift */; };
		06A82EDD25A180E8001BB7E6 /* FruitMart.xcdatamodeld in Sources */ = {isa = PBXBuildFile; fileRef = 06A82EDB25A180E8001BB7E6 /* FruitMart.xcdatamodeld */; };
		06A82EDF25A180E8001BB7E6 /* Assets.xcassets in Resources */ = {isa = PBXBuildFile; fileRef = 06A82EDE25A180E8001BB7E6 /* Assets.xcassets */; };
		06A82EE225A180E8001BB7E6 /* Preview Assets.xcassets in Resources */ = {isa = PBXBuildFile; fileRef = 06A82EE125A180E8001BB7E6 /* Preview Assets.xcassets */; };
		06A82EE525A180E8001BB7E6 /* LaunchScreen.storyboard in Resources */ = {isa = PBXBuildFile; fileRef = 06A82EE325A180E8001BB7E6 /* LaunchScreen.storyboard */; };
		06A82EF025A180E9001BB7E6 /* FruitMartTests.swift in Sources */ = {isa = PBXBuildFile; fileRef = 06A82EEF25A180E9001BB7E6 /* FruitMartTests.swift */; };
		06A82EFB25A180E9001BB7E6 /* FruitMartUITests.swift in Sources */ = {isa = PBXBuildFile; fileRef = 06A82EFA25A180E9001BB7E6 /* FruitMartUITests.swift */; };
		06A82F0D25A180FE001BB7E6 /* Home.swift in Sources */ = {isa = PBXBuildFile; fileRef = 06A82F0C25A180FE001BB7E6 /* Home.swift */; };
		06A82F1D25A1A2CE001BB7E6 /* ProductRow.swift in Sources */ = {isa = PBXBuildFile; fileRef = 06A82F1C25A1A2CE001BB7E6 /* ProductRow.swift */; };
		06A82F2425A1A617001BB7E6 /* ColorExtension.swift in Sources */ = {isa = PBXBuildFile; fileRef = 06A82F2325A1A617001BB7E6 /* ColorExtension.swift */; };
		06F5919025BD3AA400537028 /* TestCustomTabBarView.swift in Sources */ = {isa = PBXBuildFile; fileRef = 06F5918F25BD3AA400537028 /* TestCustomTabBarView.swift */; };
		06F5919525BD466900537028 /* FavoriteProductScrollView.swift in Sources */ = {isa = PBXBuildFile; fileRef = 06F5919425BD466900537028 /* FavoriteProductScrollView.swift */; };
		1B1BA4A325A2DB8C0011F037 /* SignInView.swift in Sources */ = {isa = PBXBuildFile; fileRef = 1B1BA4A225A2DB8C0011F037 /* SignInView.swift */; };
		1B26006625AC6FED00A13B97 /* Order.swift in Sources */ = {isa = PBXBuildFile; fileRef = 1B26006525AC6FED00A13B97 /* Order.swift */; };
		1B26006E25AC8AD600A13B97 /* CustomViewModifier.swift in Sources */ = {isa = PBXBuildFile; fileRef = 1B26006D25AC8AD600A13B97 /* CustomViewModifier.swift */; };
		1B39801225B0270F00458394 /* Marquee in Frameworks */ = {isa = PBXBuildFile; productRef = 1B39801125B0270F00458394 /* Marquee */; };
		1B39801725B0284F00458394 /* MarqueeButtonView.swift in Sources */ = {isa = PBXBuildFile; fileRef = 1B39801625B0284F00458394 /* MarqueeButtonView.swift */; };
		1B39802F25B03ECF00458394 /* ProfileImageTestView.swift in Sources */ = {isa = PBXBuildFile; fileRef = 1B39802E25B03ECF00458394 /* ProfileImageTestView.swift */; };
		1B39803A25B048BD00458394 /* Popup.swift in Sources */ = {isa = PBXBuildFile; fileRef = 1B39803925B048BD00458394 /* Popup.swift */; };
		1B39804325B14B3000458394 /* Alamofire in Frameworks */ = {isa = PBXBuildFile; productRef = 1B39804225B14B3000458394 /* Alamofire */; };
		1B5D19AF25AEEC09000AB153 /* R.generated.swift in Sources */ = {isa = PBXBuildFile; fileRef = 1B5D19AE25AEEC09000AB153 /* R.generated.swift */; };
		1B64401725AF03B7001887EE /* ButtonSuctomView.swift in Sources */ = {isa = PBXBuildFile; fileRef = 1B64401625AF03B7001887EE /* ButtonSuctomView.swift */; };
		1B64401F25AF29E4001887EE /* CustomUIAppearanceView.swift in Sources */ = {isa = PBXBuildFile; fileRef = 1B64401E25AF29E4001887EE /* CustomUIAppearanceView.swift */; };
		1B64402925AFC270001887EE /* Symbol.swift in Sources */ = {isa = PBXBuildFile; fileRef = 1B64402825AFC270001887EE /* Symbol.swift */; };
		1B64402E25AFCDF1001887EE /* ResizedImage.swift in Sources */ = {isa = PBXBuildFile; fileRef = 1B64402D25AFCDF1001887EE /* ResizedImage.swift */; };
		1B64403325AFEEC2001887EE /* ShirinkButtonStyle.swift in Sources */ = {isa = PBXBuildFile; fileRef = 1B64403225AFEEC2001887EE /* ShirinkButtonStyle.swift */; };
		1B75012425AC20380003EE17 /* PopOverView.swift in Sources */ = {isa = PBXBuildFile; fileRef = 1B75012325AC20380003EE17 /* PopOverView.swift */; };
		1B75012A25AC29940003EE17 /* QuantitySelector.swift in Sources */ = {isa = PBXBuildFile; fileRef = 1B75012925AC29940003EE17 /* QuantitySelector.swift */; };
		1B75013825AC3FF20003EE17 /* FavoriteButton.swift in Sources */ = {isa = PBXBuildFile; fileRef = 1B75013725AC3FF20003EE17 /* FavoriteButton.swift */; };
		1B7E0CC925B4003800E4A65D /* Popup2.swift in Sources */ = {isa = PBXBuildFile; fileRef = 1B7E0CC825B4003800E4A65D /* Popup2.swift */; };
		1B7E0CCE25B4113800E4A65D /* OrderCompletedMessage.swift in Sources */ = {isa = PBXBuildFile; fileRef = 1B7E0CCD25B4113800E4A65D /* OrderCompletedMessage.swift */; };
		1B7E0CDD25B51EB200E4A65D /* StateBindingView.swift in Sources */ = {isa = PBXBuildFile; fileRef = 1B7E0CDC25B51EB200E4A65D /* StateBindingView.swift */; };
		1B7EFFA225A2960800C7961C /* Product.swift in Sources */ = {isa = PBXBuildFile; fileRef = 1B7EFFA125A2960800C7961C /* Product.swift */; };
		1BFB316625A47EBA008B1E64 /* BundleExtension.swift in Sources */ = {isa = PBXBuildFile; fileRef = 1BFB316525A47EBA008B1E64 /* BundleExtension.swift */; };
		1BFB316B25A48053008B1E64 /* Store.swift in Sources */ = {isa = PBXBuildFile; fileRef = 1BFB316A25A48053008B1E64 /* Store.swift */; };
		1BFB317525A484A8008B1E64 /* ProductData.json in Resources */ = {isa = PBXBuildFile; fileRef = 1BFB317425A484A8008B1E64 /* ProductData.json */; };
		1BFB317C25A58475008B1E64 /* ProductDetailView.swift in Sources */ = {isa = PBXBuildFile; fileRef = 1BFB317B25A58475008B1E64 /* ProductDetailView.swift */; };
		1BFC8F4525A6D39E004C30C5 /* Preview.swift in Sources */ = {isa = PBXBuildFile; fileRef = 1BFC8F4425A6D39E004C30C5 /* Preview.swift */; };
		1BFC8F4D25A81D44004C30C5 /* UserInteractionView.swift in Sources */ = {isa = PBXBuildFile; fileRef = 1BFC8F4C25A81D44004C30C5 /* UserInteractionView.swift */; };
		1BFC8F5225A87311004C30C5 /* EnviromentObjectview.swift in Sources */ = {isa = PBXBuildFile; fileRef = 1BFC8F5125A87311004C30C5 /* EnviromentObjectview.swift */; };
		738408E9572ED22CAD41B2B3 /* Pods_FruitMartTests.framework in Frameworks */ = {isa = PBXBuildFile; fileRef = E055217D644976C876E73BD4 /* Pods_FruitMartTests.framework */; };
		94F5E01A1A6D8E7E7CD7F3EF /* Pods_FruitMart.framework in Frameworks */ = {isa = PBXBuildFile; fileRef = 1FB2A1A0A1812D976D35F586 /* Pods_FruitMart.framework */; };
/* End PBXBuildFile section */

/* Begin PBXContainerItemProxy section */
		06A82EEC25A180E9001BB7E6 /* PBXContainerItemProxy */ = {
			isa = PBXContainerItemProxy;
			containerPortal = 06A82ECA25A180E8001BB7E6 /* Project object */;
			proxyType = 1;
			remoteGlobalIDString = 06A82ED125A180E8001BB7E6;
			remoteInfo = FruitMart;
		};
		06A82EF725A180E9001BB7E6 /* PBXContainerItemProxy */ = {
			isa = PBXContainerItemProxy;
			containerPortal = 06A82ECA25A180E8001BB7E6 /* Project object */;
			proxyType = 1;
			remoteGlobalIDString = 06A82ED125A180E8001BB7E6;
			remoteInfo = FruitMart;
		};
/* End PBXContainerItemProxy section */

/* Begin PBXFileReference section */
		06A0DFB925BD2407005E37BE /* TestCustomScrollView.swift */ = {isa = PBXFileReference; lastKnownFileType = sourcecode.swift; path = TestCustomScrollView.swift; sourceTree = "<group>"; };
		06A82ED225A180E8001BB7E6 /* FruitMart.app */ = {isa = PBXFileReference; explicitFileType = wrapper.application; includeInIndex = 0; path = FruitMart.app; sourceTree = BUILT_PRODUCTS_DIR; };
		06A82ED525A180E8001BB7E6 /* AppDelegate.swift */ = {isa = PBXFileReference; lastKnownFileType = sourcecode.swift; path = AppDelegate.swift; sourceTree = "<group>"; };
		06A82ED725A180E8001BB7E6 /* SceneDelegate.swift */ = {isa = PBXFileReference; lastKnownFileType = sourcecode.swift; path = SceneDelegate.swift; sourceTree = "<group>"; };
		06A82ED925A180E8001BB7E6 /* ContentView.swift */ = {isa = PBXFileReference; lastKnownFileType = sourcecode.swift; path = ContentView.swift; sourceTree = "<group>"; };
		06A82EDC25A180E8001BB7E6 /* FruitMart.xcdatamodel */ = {isa = PBXFileReference; lastKnownFileType = wrapper.xcdatamodel; path = FruitMart.xcdatamodel; sourceTree = "<group>"; };
		06A82EDE25A180E8001BB7E6 /* Assets.xcassets */ = {isa = PBXFileReference; lastKnownFileType = folder.assetcatalog; path = Assets.xcassets; sourceTree = "<group>"; };
		06A82EE125A180E8001BB7E6 /* Preview Assets.xcassets */ = {isa = PBXFileReference; lastKnownFileType = folder.assetcatalog; path = "Preview Assets.xcassets"; sourceTree = "<group>"; };
		06A82EE425A180E8001BB7E6 /* Base */ = {isa = PBXFileReference; lastKnownFileType = file.storyboard; name = Base; path = Base.lproj/LaunchScreen.storyboard; sourceTree = "<group>"; };
		06A82EE625A180E8001BB7E6 /* Info.plist */ = {isa = PBXFileReference; lastKnownFileType = text.plist.xml; path = Info.plist; sourceTree = "<group>"; };
		06A82EEB25A180E9001BB7E6 /* FruitMartTests.xctest */ = {isa = PBXFileReference; explicitFileType = wrapper.cfbundle; includeInIndex = 0; path = FruitMartTests.xctest; sourceTree = BUILT_PRODUCTS_DIR; };
		06A82EEF25A180E9001BB7E6 /* FruitMartTests.swift */ = {isa = PBXFileReference; lastKnownFileType = sourcecode.swift; path = FruitMartTests.swift; sourceTree = "<group>"; };
		06A82EF125A180E9001BB7E6 /* Info.plist */ = {isa = PBXFileReference; lastKnownFileType = text.plist.xml; path = Info.plist; sourceTree = "<group>"; };
		06A82EF625A180E9001BB7E6 /* FruitMartUITests.xctest */ = {isa = PBXFileReference; explicitFileType = wrapper.cfbundle; includeInIndex = 0; path = FruitMartUITests.xctest; sourceTree = BUILT_PRODUCTS_DIR; };
		06A82EFA25A180E9001BB7E6 /* FruitMartUITests.swift */ = {isa = PBXFileReference; lastKnownFileType = sourcecode.swift; path = FruitMartUITests.swift; sourceTree = "<group>"; };
		06A82EFC25A180E9001BB7E6 /* Info.plist */ = {isa = PBXFileReference; lastKnownFileType = text.plist.xml; path = Info.plist; sourceTree = "<group>"; };
		06A82F0C25A180FE001BB7E6 /* Home.swift */ = {isa = PBXFileReference; lastKnownFileType = sourcecode.swift; path = Home.swift; sourceTree = "<group>"; };
		06A82F1C25A1A2CE001BB7E6 /* ProductRow.swift */ = {isa = PBXFileReference; lastKnownFileType = sourcecode.swift; path = ProductRow.swift; sourceTree = "<group>"; };
		06A82F2325A1A617001BB7E6 /* ColorExtension.swift */ = {isa = PBXFileReference; lastKnownFileType = sourcecode.swift; path = ColorExtension.swift; sourceTree = "<group>"; };
		06F5918F25BD3AA400537028 /* TestCustomTabBarView.swift */ = {isa = PBXFileReference; lastKnownFileType = sourcecode.swift; path = TestCustomTabBarView.swift; sourceTree = "<group>"; };
		06F5919425BD466900537028 /* FavoriteProductScrollView.swift */ = {isa = PBXFileReference; lastKnownFileType = sourcecode.swift; path = FavoriteProductScrollView.swift; sourceTree = "<group>"; };
		0F51BCCE23C312443995902F /* Pods-FruitMartTests.release.xcconfig */ = {isa = PBXFileReference; includeInIndex = 1; lastKnownFileType = text.xcconfig; name = "Pods-FruitMartTests.release.xcconfig"; path = "Target Support Files/Pods-FruitMartTests/Pods-FruitMartTests.release.xcconfig"; sourceTree = "<group>"; };
		13123B0478E575E76E49811C /* Pods-FruitMart-FruitMartUITests.debug.xcconfig */ = {isa = PBXFileReference; includeInIndex = 1; lastKnownFileType = text.xcconfig; name = "Pods-FruitMart-FruitMartUITests.debug.xcconfig"; path = "Target Support Files/Pods-FruitMart-FruitMartUITests/Pods-FruitMart-FruitMartUITests.debug.xcconfig"; sourceTree = "<group>"; };
		1B1BA4A225A2DB8C0011F037 /* SignInView.swift */ = {isa = PBXFileReference; lastKnownFileType = sourcecode.swift; path = SignInView.swift; sourceTree = "<group>"; };
		1B26006525AC6FED00A13B97 /* Order.swift */ = {isa = PBXFileReference; lastKnownFileType = sourcecode.swift; path = Order.swift; sourceTree = "<group>"; };
		1B26006D25AC8AD600A13B97 /* CustomViewModifier.swift */ = {isa = PBXFileReference; lastKnownFileType = sourcecode.swift; path = CustomViewModifier.swift; sourceTree = "<group>"; };
		1B39801625B0284F00458394 /* MarqueeButtonView.swift */ = {isa = PBXFileReference; lastKnownFileType = sourcecode.swift; path = MarqueeButtonView.swift; sourceTree = "<group>"; };
		1B39802E25B03ECF00458394 /* ProfileImageTestView.swift */ = {isa = PBXFileReference; lastKnownFileType = sourcecode.swift; path = ProfileImageTestView.swift; sourceTree = "<group>"; };
		1B39803925B048BD00458394 /* Popup.swift */ = {isa = PBXFileReference; lastKnownFileType = sourcecode.swift; path = Popup.swift; sourceTree = "<group>"; };
		1B5D19AE25AEEC09000AB153 /* R.generated.swift */ = {isa = PBXFileReference; fileEncoding = 4; lastKnownFileType = sourcecode.swift; path = R.generated.swift; sourceTree = SOURCE_ROOT; };
		1B64401625AF03B7001887EE /* ButtonSuctomView.swift */ = {isa = PBXFileReference; lastKnownFileType = sourcecode.swift; path = ButtonSuctomView.swift; sourceTree = "<group>"; };
		1B64401E25AF29E4001887EE /* CustomUIAppearanceView.swift */ = {isa = PBXFileReference; lastKnownFileType = sourcecode.swift; path = CustomUIAppearanceView.swift; sourceTree = "<group>"; };
		1B64402825AFC270001887EE /* Symbol.swift */ = {isa = PBXFileReference; lastKnownFileType = sourcecode.swift; path = Symbol.swift; sourceTree = "<group>"; };
		1B64402D25AFCDF1001887EE /* ResizedImage.swift */ = {isa = PBXFileReference; lastKnownFileType = sourcecode.swift; path = ResizedImage.swift; sourceTree = "<group>"; };
		1B64403225AFEEC2001887EE /* ShirinkButtonStyle.swift */ = {isa = PBXFileReference; lastKnownFileType = sourcecode.swift; path = ShirinkButtonStyle.swift; sourceTree = "<group>"; };
		1B75012325AC20380003EE17 /* PopOverView.swift */ = {isa = PBXFileReference; lastKnownFileType = sourcecode.swift; path = PopOverView.swift; sourceTree = "<group>"; };
		1B75012925AC29940003EE17 /* QuantitySelector.swift */ = {isa = PBXFileReference; lastKnownFileType = sourcecode.swift; path = QuantitySelector.swift; sourceTree = "<group>"; };
		1B75013725AC3FF20003EE17 /* FavoriteButton.swift */ = {isa = PBXFileReference; lastKnownFileType = sourcecode.swift; path = FavoriteButton.swift; sourceTree = "<group>"; };
		1B7E0CC825B4003800E4A65D /* Popup2.swift */ = {isa = PBXFileReference; lastKnownFileType = sourcecode.swift; path = Popup2.swift; sourceTree = "<group>"; };
		1B7E0CCD25B4113800E4A65D /* OrderCompletedMessage.swift */ = {isa = PBXFileReference; lastKnownFileType = sourcecode.swift; path = OrderCompletedMessage.swift; sourceTree = "<group>"; };
		1B7E0CDC25B51EB200E4A65D /* StateBindingView.swift */ = {isa = PBXFileReference; lastKnownFileType = sourcecode.swift; path = StateBindingView.swift; sourceTree = "<group>"; };
		1B7EFFA125A2960800C7961C /* Product.swift */ = {isa = PBXFileReference; fileEncoding = 4; lastKnownFileType = sourcecode.swift; path = Product.swift; sourceTree = "<group>"; };
		1BFB316525A47EBA008B1E64 /* BundleExtension.swift */ = {isa = PBXFileReference; lastKnownFileType = sourcecode.swift; path = BundleExtension.swift; sourceTree = "<group>"; };
		1BFB316A25A48053008B1E64 /* Store.swift */ = {isa = PBXFileReference; lastKnownFileType = sourcecode.swift; path = Store.swift; sourceTree = "<group>"; };
		1BFB317425A484A8008B1E64 /* ProductData.json */ = {isa = PBXFileReference; fileEncoding = 4; lastKnownFileType = text.json; path = ProductData.json; sourceTree = "<group>"; };
		1BFB317B25A58475008B1E64 /* ProductDetailView.swift */ = {isa = PBXFileReference; lastKnownFileType = sourcecode.swift; path = ProductDetailView.swift; sourceTree = "<group>"; };
		1BFC8F4425A6D39E004C30C5 /* Preview.swift */ = {isa = PBXFileReference; lastKnownFileType = sourcecode.swift; path = Preview.swift; sourceTree = "<group>"; };
		1BFC8F4C25A81D44004C30C5 /* UserInteractionView.swift */ = {isa = PBXFileReference; lastKnownFileType = sourcecode.swift; path = UserInteractionView.swift; sourceTree = "<group>"; };
		1BFC8F5125A87311004C30C5 /* EnviromentObjectview.swift */ = {isa = PBXFileReference; lastKnownFileType = sourcecode.swift; path = EnviromentObjectview.swift; sourceTree = "<group>"; };
		1FB2A1A0A1812D976D35F586 /* Pods_FruitMart.framework */ = {isa = PBXFileReference; explicitFileType = wrapper.framework; includeInIndex = 0; path = Pods_FruitMart.framework; sourceTree = BUILT_PRODUCTS_DIR; };
		6A85E1800847168B06EBC0D7 /* Pods-FruitMart-FruitMartUITests.release.xcconfig */ = {isa = PBXFileReference; includeInIndex = 1; lastKnownFileType = text.xcconfig; name = "Pods-FruitMart-FruitMartUITests.release.xcconfig"; path = "Target Support Files/Pods-FruitMart-FruitMartUITests/Pods-FruitMart-FruitMartUITests.release.xcconfig"; sourceTree = "<group>"; };
		7CB2F3CD7E4D5A36E81C9F73 /* Pods-FruitMart.debug.xcconfig */ = {isa = PBXFileReference; includeInIndex = 1; lastKnownFileType = text.xcconfig; name = "Pods-FruitMart.debug.xcconfig"; path = "Target Support Files/Pods-FruitMart/Pods-FruitMart.debug.xcconfig"; sourceTree = "<group>"; };
		91302CB609A6A3962CEECEE4 /* Pods_FruitMart_FruitMartUITests.framework */ = {isa = PBXFileReference; explicitFileType = wrapper.framework; includeInIndex = 0; path = Pods_FruitMart_FruitMartUITests.framework; sourceTree = BUILT_PRODUCTS_DIR; };
		ADF61141122DB16A311D8756 /* Pods-FruitMart.release.xcconfig */ = {isa = PBXFileReference; includeInIndex = 1; lastKnownFileType = text.xcconfig; name = "Pods-FruitMart.release.xcconfig"; path = "Target Support Files/Pods-FruitMart/Pods-FruitMart.release.xcconfig"; sourceTree = "<group>"; };
		E055217D644976C876E73BD4 /* Pods_FruitMartTests.framework */ = {isa = PBXFileReference; explicitFileType = wrapper.framework; includeInIndex = 0; path = Pods_FruitMartTests.framework; sourceTree = BUILT_PRODUCTS_DIR; };
		F41CAAFC6FD92DDCC49735D1 /* Pods-FruitMartTests.debug.xcconfig */ = {isa = PBXFileReference; includeInIndex = 1; lastKnownFileType = text.xcconfig; name = "Pods-FruitMartTests.debug.xcconfig"; path = "Target Support Files/Pods-FruitMartTests/Pods-FruitMartTests.debug.xcconfig"; sourceTree = "<group>"; };
/* End PBXFileReference section */

/* Begin PBXFrameworksBuildPhase section */
		06A82ECF25A180E8001BB7E6 /* Frameworks */ = {
			isa = PBXFrameworksBuildPhase;
			buildActionMask = 2147483647;
			files = (
				1B39804325B14B3000458394 /* Alamofire in Frameworks */,
				94F5E01A1A6D8E7E7CD7F3EF /* Pods_FruitMart.framework in Frameworks */,
				1B39801225B0270F00458394 /* Marquee in Frameworks */,
			);
			runOnlyForDeploymentPostprocessing = 0;
		};
		06A82EE825A180E9001BB7E6 /* Frameworks */ = {
			isa = PBXFrameworksBuildPhase;
			buildActionMask = 2147483647;
			files = (
				738408E9572ED22CAD41B2B3 /* Pods_FruitMartTests.framework in Frameworks */,
			);
			runOnlyForDeploymentPostprocessing = 0;
		};
		06A82EF325A180E9001BB7E6 /* Frameworks */ = {
			isa = PBXFrameworksBuildPhase;
			buildActionMask = 2147483647;
			files = (
				0207C0F3717778AB309013A2 /* Pods_FruitMart_FruitMartUITests.framework in Frameworks */,
			);
			runOnlyForDeploymentPostprocessing = 0;
		};
/* End PBXFrameworksBuildPhase section */

/* Begin PBXGroup section */
		06A82EC925A180E8001BB7E6 = {
			isa = PBXGroup;
			children = (
				06A82ED425A180E8001BB7E6 /* FruitMart */,
				06A82EEE25A180E9001BB7E6 /* FruitMartTests */,
				06A82EF925A180E9001BB7E6 /* FruitMartUITests */,
				06A82ED325A180E8001BB7E6 /* Products */,
				51D64BF32EFDD0315F7E563E /* Pods */,
				EF7015A6E8E6AC32B5C2F31D /* Frameworks */,
			);
			sourceTree = "<group>";
		};
		06A82ED325A180E8001BB7E6 /* Products */ = {
			isa = PBXGroup;
			children = (
				06A82ED225A180E8001BB7E6 /* FruitMart.app */,
				06A82EEB25A180E9001BB7E6 /* FruitMartTests.xctest */,
				06A82EF625A180E9001BB7E6 /* FruitMartUITests.xctest */,
			);
			name = Products;
			sourceTree = "<group>";
		};
		06A82ED425A180E8001BB7E6 /* FruitMart */ = {
			isa = PBXGroup;
			children = (
				1B7EFF9A25A294B000C7961C /* Model */,
				06A82F2125A1A604001BB7E6 /* Helper */,
				06A82F1425A1810D001BB7E6 /* Resources */,
				06A82F0B25A180F9001BB7E6 /* View */,
				06A82ED525A180E8001BB7E6 /* AppDelegate.swift */,
				06A82ED725A180E8001BB7E6 /* SceneDelegate.swift */,
				06A82ED925A180E8001BB7E6 /* ContentView.swift */,
				06A82EE325A180E8001BB7E6 /* LaunchScreen.storyboard */,
				06A82EE625A180E8001BB7E6 /* Info.plist */,
				06A82EDB25A180E8001BB7E6 /* FruitMart.xcdatamodeld */,
				06A82EE025A180E8001BB7E6 /* Preview Content */,
			);
			path = FruitMart;
			sourceTree = "<group>";
		};
		06A82EE025A180E8001BB7E6 /* Preview Content */ = {
			isa = PBXGroup;
			children = (
				06A82EE125A180E8001BB7E6 /* Preview Assets.xcassets */,
			);
			path = "Preview Content";
			sourceTree = "<group>";
		};
		06A82EEE25A180E9001BB7E6 /* FruitMartTests */ = {
			isa = PBXGroup;
			children = (
				06A82EEF25A180E9001BB7E6 /* FruitMartTests.swift */,
				06A82EF125A180E9001BB7E6 /* Info.plist */,
			);
			path = FruitMartTests;
			sourceTree = "<group>";
		};
		06A82EF925A180E9001BB7E6 /* FruitMartUITests */ = {
			isa = PBXGroup;
			children = (
				06A82EFA25A180E9001BB7E6 /* FruitMartUITests.swift */,
				06A82EFC25A180E9001BB7E6 /* Info.plist */,
			);
			path = FruitMartUITests;
			sourceTree = "<group>";
		};
		06A82F0B25A180F9001BB7E6 /* View */ = {
			isa = PBXGroup;
			children = (
				1B7E0CDB25B51EA100E4A65D /* Test */,
				1B64401525AF03A4001887EE /* Custom */,
				1B75012825AC297D0003EE17 /* Home */,
				1B1BA4A225A2DB8C0011F037 /* SignInView.swift */,
				1BFC8F4C25A81D44004C30C5 /* UserInteractionView.swift */,
				1BFC8F5125A87311004C30C5 /* EnviromentObjectview.swift */,
				1B75012325AC20380003EE17 /* PopOverView.swift */,
			);
			path = View;
			sourceTree = "<group>";
		};
		06A82F1425A1810D001BB7E6 /* Resources */ = {
			isa = PBXGroup;
			children = (
				06A82EDE25A180E8001BB7E6 /* Assets.xcassets */,
				1BFB317425A484A8008B1E64 /* ProductData.json */,
			);
			path = Resources;
			sourceTree = "<group>";
		};
		06A82F2125A1A604001BB7E6 /* Helper */ = {
			isa = PBXGroup;
			children = (
				1B39803825B048AB00458394 /* ViewModifier */,
				1B5D19AE25AEEC09000AB153 /* R.generated.swift */,
				1BFC8F4325A6D391004C30C5 /* CustomView */,
				06A82F2225A1A60B001BB7E6 /* Extension */,
			);
			path = Helper;
			sourceTree = "<group>";
		};
		06A82F2225A1A60B001BB7E6 /* Extension */ = {
			isa = PBXGroup;
			children = (
				06A82F2325A1A617001BB7E6 /* ColorExtension.swift */,
				1BFB316525A47EBA008B1E64 /* BundleExtension.swift */,
			);
			path = Extension;
			sourceTree = "<group>";
		};
		1B39803825B048AB00458394 /* ViewModifier */ = {
			isa = PBXGroup;
			children = (
				1B39803925B048BD00458394 /* Popup.swift */,
				1B7E0CC825B4003800E4A65D /* Popup2.swift */,
			);
			path = ViewModifier;
			sourceTree = "<group>";
		};
		1B64401525AF03A4001887EE /* Custom */ = {
			isa = PBXGroup;
			children = (
				1B26006D25AC8AD600A13B97 /* CustomViewModifier.swift */,
				1B64401625AF03B7001887EE /* ButtonSuctomView.swift */,
				1B64401E25AF29E4001887EE /* CustomUIAppearanceView.swift */,
				1B64402825AFC270001887EE /* Symbol.swift */,
				1B64402D25AFCDF1001887EE /* ResizedImage.swift */,
			);
			path = Custom;
			sourceTree = "<group>";
		};
		1B64403725AFEF88001887EE /* CustomStyle */ = {
			isa = PBXGroup;
			children = (
				1B64403225AFEEC2001887EE /* ShirinkButtonStyle.swift */,
			);
			path = CustomStyle;
			sourceTree = "<group>";
		};
		1B75012825AC297D0003EE17 /* Home */ = {
			isa = PBXGroup;
			children = (
				06A82F0C25A180FE001BB7E6 /* Home.swift */,
				1B7E0CCD25B4113800E4A65D /* OrderCompletedMessage.swift */,
				06A82F1C25A1A2CE001BB7E6 /* ProductRow.swift */,
				1BFB317B25A58475008B1E64 /* ProductDetailView.swift */,
				1B75012925AC29940003EE17 /* QuantitySelector.swift */,
				1B75013725AC3FF20003EE17 /* FavoriteButton.swift */,
				06F5919425BD466900537028 /* FavoriteProductScrollView.swift */,
			);
			path = Home;
			sourceTree = "<group>";
		};
		1B7E0CDB25B51EA100E4A65D /* Test */ = {
			isa = PBXGroup;
			children = (
				1B7E0CDC25B51EB200E4A65D /* StateBindingView.swift */,
				06A0DFB925BD2407005E37BE /* TestCustomScrollView.swift */,
				06F5918F25BD3AA400537028 /* TestCustomTabBarView.swift */,
			);
			path = Test;
			sourceTree = "<group>";
		};
		1B7EFF9A25A294B000C7961C /* Model */ = {
			isa = PBXGroup;
			children = (
				1B7EFFA125A2960800C7961C /* Product.swift */,
				1BFB316A25A48053008B1E64 /* Store.swift */,
				1B26006525AC6FED00A13B97 /* Order.swift */,
			);
			path = Model;
			sourceTree = "<group>";
		};
		1BFC8F4325A6D391004C30C5 /* CustomView */ = {
			isa = PBXGroup;
			children = (
				1B64403725AFEF88001887EE /* CustomStyle */,
				1BFC8F4425A6D39E004C30C5 /* Preview.swift */,
				1B39801625B0284F00458394 /* MarqueeButtonView.swift */,
				1B39802E25B03ECF00458394 /* ProfileImageTestView.swift */,
			);
			path = CustomView;
			sourceTree = "<group>";
		};
		51D64BF32EFDD0315F7E563E /* Pods */ = {
			isa = PBXGroup;
			children = (
				7CB2F3CD7E4D5A36E81C9F73 /* Pods-FruitMart.debug.xcconfig */,
				ADF61141122DB16A311D8756 /* Pods-FruitMart.release.xcconfig */,
				13123B0478E575E76E49811C /* Pods-FruitMart-FruitMartUITests.debug.xcconfig */,
				6A85E1800847168B06EBC0D7 /* Pods-FruitMart-FruitMartUITests.release.xcconfig */,
				F41CAAFC6FD92DDCC49735D1 /* Pods-FruitMartTests.debug.xcconfig */,
				0F51BCCE23C312443995902F /* Pods-FruitMartTests.release.xcconfig */,
			);
			path = Pods;
			sourceTree = "<group>";
		};
		EF7015A6E8E6AC32B5C2F31D /* Frameworks */ = {
			isa = PBXGroup;
			children = (
				1FB2A1A0A1812D976D35F586 /* Pods_FruitMart.framework */,
				91302CB609A6A3962CEECEE4 /* Pods_FruitMart_FruitMartUITests.framework */,
				E055217D644976C876E73BD4 /* Pods_FruitMartTests.framework */,
			);
			name = Frameworks;
			sourceTree = "<group>";
		};
/* End PBXGroup section */

/* Begin PBXNativeTarget section */
		06A82ED125A180E8001BB7E6 /* FruitMart */ = {
			isa = PBXNativeTarget;
			buildConfigurationList = 06A82EFF25A180E9001BB7E6 /* Build configuration list for PBXNativeTarget "FruitMart" */;
			buildPhases = (
				3CBD407E90A25B13C9ADAC6C /* [CP] Check Pods Manifest.lock */,
				06A82ECE25A180E8001BB7E6 /* Sources */,
				06A82ECF25A180E8001BB7E6 /* Frameworks */,
				06A82ED025A180E8001BB7E6 /* Resources */,
				5A2003F55E225DF978AAE999 /* [CP] Embed Pods Frameworks */,
			);
			buildRules = (
			);
			dependencies = (
			);
			name = FruitMart;
			packageProductDependencies = (
				1B39801125B0270F00458394 /* Marquee */,
				1B39804225B14B3000458394 /* Alamofire */,
			);
			productName = FruitMart;
			productReference = 06A82ED225A180E8001BB7E6 /* FruitMart.app */;
			productType = "com.apple.product-type.application";
		};
		06A82EEA25A180E9001BB7E6 /* FruitMartTests */ = {
			isa = PBXNativeTarget;
			buildConfigurationList = 06A82F0225A180E9001BB7E6 /* Build configuration list for PBXNativeTarget "FruitMartTests" */;
			buildPhases = (
				FB24165D9390989883B470D6 /* [CP] Check Pods Manifest.lock */,
				06A82EE725A180E9001BB7E6 /* Sources */,
				06A82EE825A180E9001BB7E6 /* Frameworks */,
				06A82EE925A180E9001BB7E6 /* Resources */,
			);
			buildRules = (
			);
			dependencies = (
				06A82EED25A180E9001BB7E6 /* PBXTargetDependency */,
			);
			name = FruitMartTests;
			productName = FruitMartTests;
			productReference = 06A82EEB25A180E9001BB7E6 /* FruitMartTests.xctest */;
			productType = "com.apple.product-type.bundle.unit-test";
		};
		06A82EF525A180E9001BB7E6 /* FruitMartUITests */ = {
			isa = PBXNativeTarget;
			buildConfigurationList = 06A82F0525A180E9001BB7E6 /* Build configuration list for PBXNativeTarget "FruitMartUITests" */;
			buildPhases = (
				56BD493FFAC303DF9B99B1A0 /* [CP] Check Pods Manifest.lock */,
				06A82EF225A180E9001BB7E6 /* Sources */,
				06A82EF325A180E9001BB7E6 /* Frameworks */,
				06A82EF425A180E9001BB7E6 /* Resources */,
				79C18C85DF9CF58037E27698 /* [CP] Embed Pods Frameworks */,
			);
			buildRules = (
			);
			dependencies = (
				06A82EF825A180E9001BB7E6 /* PBXTargetDependency */,
			);
			name = FruitMartUITests;
			productName = FruitMartUITests;
			productReference = 06A82EF625A180E9001BB7E6 /* FruitMartUITests.xctest */;
			productType = "com.apple.product-type.bundle.ui-testing";
		};
/* End PBXNativeTarget section */

/* Begin PBXProject section */
		06A82ECA25A180E8001BB7E6 /* Project object */ = {
			isa = PBXProject;
			attributes = {
				LastSwiftUpdateCheck = 1230;
				LastUpgradeCheck = 1230;
				TargetAttributes = {
					06A82ED125A180E8001BB7E6 = {
						CreatedOnToolsVersion = 12.3;
					};
					06A82EEA25A180E9001BB7E6 = {
						CreatedOnToolsVersion = 12.3;
						TestTargetID = 06A82ED125A180E8001BB7E6;
					};
					06A82EF525A180E9001BB7E6 = {
						CreatedOnToolsVersion = 12.3;
						TestTargetID = 06A82ED125A180E8001BB7E6;
					};
				};
			};
			buildConfigurationList = 06A82ECD25A180E8001BB7E6 /* Build configuration list for PBXProject "FruitMart" */;
			compatibilityVersion = "Xcode 9.3";
			developmentRegion = en;
			hasScannedForEncodings = 0;
			knownRegions = (
				en,
				Base,
			);
			mainGroup = 06A82EC925A180E8001BB7E6;
			packageReferences = (
				1B39801025B0270F00458394 /* XCRemoteSwiftPackageReference "Marquee" */,
				1B39804125B14B3000458394 /* XCRemoteSwiftPackageReference "Alamofire" */,
			);
			productRefGroup = 06A82ED325A180E8001BB7E6 /* Products */;
			projectDirPath = "";
			projectRoot = "";
			targets = (
				06A82ED125A180E8001BB7E6 /* FruitMart */,
				06A82EEA25A180E9001BB7E6 /* FruitMartTests */,
				06A82EF525A180E9001BB7E6 /* FruitMartUITests */,
			);
		};
/* End PBXProject section */

/* Begin PBXResourcesBuildPhase section */
		06A82ED025A180E8001BB7E6 /* Resources */ = {
			isa = PBXResourcesBuildPhase;
			buildActionMask = 2147483647;
			files = (
				06A82EE525A180E8001BB7E6 /* LaunchScreen.storyboard in Resources */,
				06A82EE225A180E8001BB7E6 /* Preview Assets.xcassets in Resources */,
				06A82EDF25A180E8001BB7E6 /* Assets.xcassets in Resources */,
				1BFB317525A484A8008B1E64 /* ProductData.json in Resources */,
			);
			runOnlyForDeploymentPostprocessing = 0;
		};
		06A82EE925A180E9001BB7E6 /* Resources */ = {
			isa = PBXResourcesBuildPhase;
			buildActionMask = 2147483647;
			files = (
			);
			runOnlyForDeploymentPostprocessing = 0;
		};
		06A82EF425A180E9001BB7E6 /* Resources */ = {
			isa = PBXResourcesBuildPhase;
			buildActionMask = 2147483647;
			files = (
			);
			runOnlyForDeploymentPostprocessing = 0;
		};
/* End PBXResourcesBuildPhase section */

/* Begin PBXShellScriptBuildPhase section */
		3CBD407E90A25B13C9ADAC6C /* [CP] Check Pods Manifest.lock */ = {
			isa = PBXShellScriptBuildPhase;
			buildActionMask = 2147483647;
			files = (
			);
			inputFileListPaths = (
			);
			inputPaths = (
				"${PODS_PODFILE_DIR_PATH}/Podfile.lock",
				"${PODS_ROOT}/Manifest.lock",
			);
			name = "[CP] Check Pods Manifest.lock";
			outputFileListPaths = (
			);
			outputPaths = (
				"$(DERIVED_FILE_DIR)/Pods-FruitMart-checkManifestLockResult.txt",
			);
			runOnlyForDeploymentPostprocessing = 0;
			shellPath = /bin/sh;
			shellScript = "diff \"${PODS_PODFILE_DIR_PATH}/Podfile.lock\" \"${PODS_ROOT}/Manifest.lock\" > /dev/null\nif [ $? != 0 ] ; then\n    # print error to STDERR\n    echo \"error: The sandbox is not in sync with the Podfile.lock. Run 'pod install' or update your CocoaPods installation.\" >&2\n    exit 1\nfi\n# This output is used by Xcode 'outputs' to avoid re-running this script phase.\necho \"SUCCESS\" > \"${SCRIPT_OUTPUT_FILE_0}\"\n";
			showEnvVarsInLog = 0;
		};
		56BD493FFAC303DF9B99B1A0 /* [CP] Check Pods Manifest.lock */ = {
			isa = PBXShellScriptBuildPhase;
			buildActionMask = 2147483647;
			files = (
			);
			inputFileListPaths = (
			);
			inputPaths = (
				"${PODS_PODFILE_DIR_PATH}/Podfile.lock",
				"${PODS_ROOT}/Manifest.lock",
			);
			name = "[CP] Check Pods Manifest.lock";
			outputFileListPaths = (
			);
			outputPaths = (
				"$(DERIVED_FILE_DIR)/Pods-FruitMart-FruitMartUITests-checkManifestLockResult.txt",
			);
			runOnlyForDeploymentPostprocessing = 0;
			shellPath = /bin/sh;
			shellScript = "diff \"${PODS_PODFILE_DIR_PATH}/Podfile.lock\" \"${PODS_ROOT}/Manifest.lock\" > /dev/null\nif [ $? != 0 ] ; then\n    # print error to STDERR\n    echo \"error: The sandbox is not in sync with the Podfile.lock. Run 'pod install' or update your CocoaPods installation.\" >&2\n    exit 1\nfi\n# This output is used by Xcode 'outputs' to avoid re-running this script phase.\necho \"SUCCESS\" > \"${SCRIPT_OUTPUT_FILE_0}\"\n";
			showEnvVarsInLog = 0;
		};
		5A2003F55E225DF978AAE999 /* [CP] Embed Pods Frameworks */ = {
			isa = PBXShellScriptBuildPhase;
			buildActionMask = 2147483647;
			files = (
			);
			inputFileListPaths = (
				"${PODS_ROOT}/Target Support Files/Pods-FruitMart/Pods-FruitMart-frameworks-${CONFIGURATION}-input-files.xcfilelist",
			);
			name = "[CP] Embed Pods Frameworks";
			outputFileListPaths = (
				"${PODS_ROOT}/Target Support Files/Pods-FruitMart/Pods-FruitMart-frameworks-${CONFIGURATION}-output-files.xcfilelist",
			);
			runOnlyForDeploymentPostprocessing = 0;
			shellPath = /bin/sh;
			shellScript = "\"${PODS_ROOT}/Target Support Files/Pods-FruitMart/Pods-FruitMart-frameworks.sh\"\n";
			showEnvVarsInLog = 0;
		};
		79C18C85DF9CF58037E27698 /* [CP] Embed Pods Frameworks */ = {
			isa = PBXShellScriptBuildPhase;
			buildActionMask = 2147483647;
			files = (
			);
			inputFileListPaths = (
				"${PODS_ROOT}/Target Support Files/Pods-FruitMart-FruitMartUITests/Pods-FruitMart-FruitMartUITests-frameworks-${CONFIGURATION}-input-files.xcfilelist",
			);
			name = "[CP] Embed Pods Frameworks";
			outputFileListPaths = (
				"${PODS_ROOT}/Target Support Files/Pods-FruitMart-FruitMartUITests/Pods-FruitMart-FruitMartUITests-frameworks-${CONFIGURATION}-output-files.xcfilelist",
			);
			runOnlyForDeploymentPostprocessing = 0;
			shellPath = /bin/sh;
			shellScript = "\"${PODS_ROOT}/Target Support Files/Pods-FruitMart-FruitMartUITests/Pods-FruitMart-FruitMartUITests-frameworks.sh\"\n";
			showEnvVarsInLog = 0;
		};
		FB24165D9390989883B470D6 /* [CP] Check Pods Manifest.lock */ = {
			isa = PBXShellScriptBuildPhase;
			buildActionMask = 2147483647;
			files = (
			);
			inputFileListPaths = (
			);
			inputPaths = (
				"${PODS_PODFILE_DIR_PATH}/Podfile.lock",
				"${PODS_ROOT}/Manifest.lock",
			);
			name = "[CP] Check Pods Manifest.lock";
			outputFileListPaths = (
			);
			outputPaths = (
				"$(DERIVED_FILE_DIR)/Pods-FruitMartTests-checkManifestLockResult.txt",
			);
			runOnlyForDeploymentPostprocessing = 0;
			shellPath = /bin/sh;
			shellScript = "diff \"${PODS_PODFILE_DIR_PATH}/Podfile.lock\" \"${PODS_ROOT}/Manifest.lock\" > /dev/null\nif [ $? != 0 ] ; then\n    # print error to STDERR\n    echo \"error: The sandbox is not in sync with the Podfile.lock. Run 'pod install' or update your CocoaPods installation.\" >&2\n    exit 1\nfi\n# This output is used by Xcode 'outputs' to avoid re-running this script phase.\necho \"SUCCESS\" > \"${SCRIPT_OUTPUT_FILE_0}\"\n";
			showEnvVarsInLog = 0;
		};
/* End PBXShellScriptBuildPhase section */

/* Begin PBXSourcesBuildPhase section */
		06A82ECE25A180E8001BB7E6 /* Sources */ = {
			isa = PBXSourcesBuildPhase;
			buildActionMask = 2147483647;
			files = (
				1B64403325AFEEC2001887EE /* ShirinkButtonStyle.swift in Sources */,
				1B75012A25AC29940003EE17 /* QuantitySelector.swift in Sources */,
				1B7E0CCE25B4113800E4A65D /* OrderCompletedMessage.swift in Sources */,
				1B39803A25B048BD00458394 /* Popup.swift in Sources */,
				06F5919525BD466900537028 /* FavoriteProductScrollView.swift in Sources */,
				1B1BA4A325A2DB8C0011F037 /* SignInView.swift in Sources */,
				06A82EDD25A180E8001BB7E6 /* FruitMart.xcdatamodeld in Sources */,
				1B39802F25B03ECF00458394 /* ProfileImageTestView.swift in Sources */,
				1B26006625AC6FED00A13B97 /* Order.swift in Sources */,
				1B7E0CDD25B51EB200E4A65D /* StateBindingView.swift in Sources */,
				1B75013825AC3FF20003EE17 /* FavoriteButton.swift in Sources */,
				1B64402925AFC270001887EE /* Symbol.swift in Sources */,
				1B64401F25AF29E4001887EE /* CustomUIAppearanceView.swift in Sources */,
				1B75012425AC20380003EE17 /* PopOverView.swift in Sources */,
				06A0DFBA25BD2407005E37BE /* TestCustomScrollView.swift in Sources */,
				1BFC8F4D25A81D44004C30C5 /* UserInteractionView.swift in Sources */,
				06F5919025BD3AA400537028 /* TestCustomTabBarView.swift in Sources */,
				1B7EFFA225A2960800C7961C /* Product.swift in Sources */,
				1B5D19AF25AEEC09000AB153 /* R.generated.swift in Sources */,
				1B64401725AF03B7001887EE /* ButtonSuctomView.swift in Sources */,
				06A82ED625A180E8001BB7E6 /* AppDelegate.swift in Sources */,
				1B39801725B0284F00458394 /* MarqueeButtonView.swift in Sources */,
				1B7E0CC925B4003800E4A65D /* Popup2.swift in Sources */,
				06A82F1D25A1A2CE001BB7E6 /* ProductRow.swift in Sources */,
				1BFB317C25A58475008B1E64 /* ProductDetailView.swift in Sources */,
				1B64402E25AFCDF1001887EE /* ResizedImage.swift in Sources */,
				1BFB316625A47EBA008B1E64 /* BundleExtension.swift in Sources */,
				1BFC8F4525A6D39E004C30C5 /* Preview.swift in Sources */,
				1BFC8F5225A87311004C30C5 /* EnviromentObjectview.swift in Sources */,
				1BFB316B25A48053008B1E64 /* Store.swift in Sources */,
				06A82F0D25A180FE001BB7E6 /* Home.swift in Sources */,
				1B26006E25AC8AD600A13B97 /* CustomViewModifier.swift in Sources */,
				06A82ED825A180E8001BB7E6 /* SceneDelegate.swift in Sources */,
				06A82F2425A1A617001BB7E6 /* ColorExtension.swift in Sources */,
				06A82EDA25A180E8001BB7E6 /* ContentView.swift in Sources */,
			);
			runOnlyForDeploymentPostprocessing = 0;
		};
		06A82EE725A180E9001BB7E6 /* Sources */ = {
			isa = PBXSourcesBuildPhase;
			buildActionMask = 2147483647;
			files = (
				06A82EF025A180E9001BB7E6 /* FruitMartTests.swift in Sources */,
			);
			runOnlyForDeploymentPostprocessing = 0;
		};
		06A82EF225A180E9001BB7E6 /* Sources */ = {
			isa = PBXSourcesBuildPhase;
			buildActionMask = 2147483647;
			files = (
				06A82EFB25A180E9001BB7E6 /* FruitMartUITests.swift in Sources */,
			);
			runOnlyForDeploymentPostprocessing = 0;
		};
/* End PBXSourcesBuildPhase section */

/* Begin PBXTargetDependency section */
		06A82EED25A180E9001BB7E6 /* PBXTargetDependency */ = {
			isa = PBXTargetDependency;
			target = 06A82ED125A180E8001BB7E6 /* FruitMart */;
			targetProxy = 06A82EEC25A180E9001BB7E6 /* PBXContainerItemProxy */;
		};
		06A82EF825A180E9001BB7E6 /* PBXTargetDependency */ = {
			isa = PBXTargetDependency;
			target = 06A82ED125A180E8001BB7E6 /* FruitMart */;
			targetProxy = 06A82EF725A180E9001BB7E6 /* PBXContainerItemProxy */;
		};
/* End PBXTargetDependency section */

/* Begin PBXVariantGroup section */
		06A82EE325A180E8001BB7E6 /* LaunchScreen.storyboard */ = {
			isa = PBXVariantGroup;
			children = (
				06A82EE425A180E8001BB7E6 /* Base */,
			);
			name = LaunchScreen.storyboard;
			sourceTree = "<group>";
		};
/* End PBXVariantGroup section */

/* Begin XCBuildConfiguration section */
		06A82EFD25A180E9001BB7E6 /* Debug */ = {
			isa = XCBuildConfiguration;
			buildSettings = {
				ALWAYS_SEARCH_USER_PATHS = NO;
				CLANG_ANALYZER_NONNULL = YES;
				CLANG_ANALYZER_NUMBER_OBJECT_CONVERSION = YES_AGGRESSIVE;
				CLANG_CXX_LANGUAGE_STANDARD = "gnu++14";
				CLANG_CXX_LIBRARY = "libc++";
				CLANG_ENABLE_MODULES = YES;
				CLANG_ENABLE_OBJC_ARC = YES;
				CLANG_ENABLE_OBJC_WEAK = YES;
				CLANG_WARN_BLOCK_CAPTURE_AUTORELEASING = YES;
				CLANG_WARN_BOOL_CONVERSION = YES;
				CLANG_WARN_COMMA = YES;
				CLANG_WARN_CONSTANT_CONVERSION = YES;
				CLANG_WARN_DEPRECATED_OBJC_IMPLEMENTATIONS = YES;
				CLANG_WARN_DIRECT_OBJC_ISA_USAGE = YES_ERROR;
				CLANG_WARN_DOCUMENTATION_COMMENTS = YES;
				CLANG_WARN_EMPTY_BODY = YES;
				CLANG_WARN_ENUM_CONVERSION = YES;
				CLANG_WARN_INFINITE_RECURSION = YES;
				CLANG_WARN_INT_CONVERSION = YES;
				CLANG_WARN_NON_LITERAL_NULL_CONVERSION = YES;
				CLANG_WARN_OBJC_IMPLICIT_RETAIN_SELF = YES;
				CLANG_WARN_OBJC_LITERAL_CONVERSION = YES;
				CLANG_WARN_OBJC_ROOT_CLASS = YES_ERROR;
				CLANG_WARN_QUOTED_INCLUDE_IN_FRAMEWORK_HEADER = YES;
				CLANG_WARN_RANGE_LOOP_ANALYSIS = YES;
				CLANG_WARN_STRICT_PROTOTYPES = YES;
				CLANG_WARN_SUSPICIOUS_MOVE = YES;
				CLANG_WARN_UNGUARDED_AVAILABILITY = YES_AGGRESSIVE;
				CLANG_WARN_UNREACHABLE_CODE = YES;
				CLANG_WARN__DUPLICATE_METHOD_MATCH = YES;
				COPY_PHASE_STRIP = NO;
				DEBUG_INFORMATION_FORMAT = dwarf;
				ENABLE_STRICT_OBJC_MSGSEND = YES;
				ENABLE_TESTABILITY = YES;
				GCC_C_LANGUAGE_STANDARD = gnu11;
				GCC_DYNAMIC_NO_PIC = NO;
				GCC_NO_COMMON_BLOCKS = YES;
				GCC_OPTIMIZATION_LEVEL = 0;
				GCC_PREPROCESSOR_DEFINITIONS = (
					"DEBUG=1",
					"$(inherited)",
				);
				GCC_WARN_64_TO_32_BIT_CONVERSION = YES;
				GCC_WARN_ABOUT_RETURN_TYPE = YES_ERROR;
				GCC_WARN_UNDECLARED_SELECTOR = YES;
				GCC_WARN_UNINITIALIZED_AUTOS = YES_AGGRESSIVE;
				GCC_WARN_UNUSED_FUNCTION = YES;
				GCC_WARN_UNUSED_VARIABLE = YES;
				IPHONEOS_DEPLOYMENT_TARGET = 14.0;
				MTL_ENABLE_DEBUG_INFO = INCLUDE_SOURCE;
				MTL_FAST_MATH = YES;
				ONLY_ACTIVE_ARCH = YES;
				SDKROOT = iphoneos;
				SWIFT_ACTIVE_COMPILATION_CONDITIONS = DEBUG;
				SWIFT_OPTIMIZATION_LEVEL = "-Onone";
			};
			name = Debug;
		};
		06A82EFE25A180E9001BB7E6 /* Release */ = {
			isa = XCBuildConfiguration;
			buildSettings = {
				ALWAYS_SEARCH_USER_PATHS = NO;
				CLANG_ANALYZER_NONNULL = YES;
				CLANG_ANALYZER_NUMBER_OBJECT_CONVERSION = YES_AGGRESSIVE;
				CLANG_CXX_LANGUAGE_STANDARD = "gnu++14";
				CLANG_CXX_LIBRARY = "libc++";
				CLANG_ENABLE_MODULES = YES;
				CLANG_ENABLE_OBJC_ARC = YES;
				CLANG_ENABLE_OBJC_WEAK = YES;
				CLANG_WARN_BLOCK_CAPTURE_AUTORELEASING = YES;
				CLANG_WARN_BOOL_CONVERSION = YES;
				CLANG_WARN_COMMA = YES;
				CLANG_WARN_CONSTANT_CONVERSION = YES;
				CLANG_WARN_DEPRECATED_OBJC_IMPLEMENTATIONS = YES;
				CLANG_WARN_DIRECT_OBJC_ISA_USAGE = YES_ERROR;
				CLANG_WARN_DOCUMENTATION_COMMENTS = YES;
				CLANG_WARN_EMPTY_BODY = YES;
				CLANG_WARN_ENUM_CONVERSION = YES;
				CLANG_WARN_INFINITE_RECURSION = YES;
				CLANG_WARN_INT_CONVERSION = YES;
				CLANG_WARN_NON_LITERAL_NULL_CONVERSION = YES;
				CLANG_WARN_OBJC_IMPLICIT_RETAIN_SELF = YES;
				CLANG_WARN_OBJC_LITERAL_CONVERSION = YES;
				CLANG_WARN_OBJC_ROOT_CLASS = YES_ERROR;
				CLANG_WARN_QUOTED_INCLUDE_IN_FRAMEWORK_HEADER = YES;
				CLANG_WARN_RANGE_LOOP_ANALYSIS = YES;
				CLANG_WARN_STRICT_PROTOTYPES = YES;
				CLANG_WARN_SUSPICIOUS_MOVE = YES;
				CLANG_WARN_UNGUARDED_AVAILABILITY = YES_AGGRESSIVE;
				CLANG_WARN_UNREACHABLE_CODE = YES;
				CLANG_WARN__DUPLICATE_METHOD_MATCH = YES;
				COPY_PHASE_STRIP = NO;
				DEBUG_INFORMATION_FORMAT = "dwarf-with-dsym";
				ENABLE_NS_ASSERTIONS = NO;
				ENABLE_STRICT_OBJC_MSGSEND = YES;
				GCC_C_LANGUAGE_STANDARD = gnu11;
				GCC_NO_COMMON_BLOCKS = YES;
				GCC_WARN_64_TO_32_BIT_CONVERSION = YES;
				GCC_WARN_ABOUT_RETURN_TYPE = YES_ERROR;
				GCC_WARN_UNDECLARED_SELECTOR = YES;
				GCC_WARN_UNINITIALIZED_AUTOS = YES_AGGRESSIVE;
				GCC_WARN_UNUSED_FUNCTION = YES;
				GCC_WARN_UNUSED_VARIABLE = YES;
				IPHONEOS_DEPLOYMENT_TARGET = 14.0;
				MTL_ENABLE_DEBUG_INFO = NO;
				MTL_FAST_MATH = YES;
				SDKROOT = iphoneos;
				SWIFT_COMPILATION_MODE = wholemodule;
				SWIFT_OPTIMIZATION_LEVEL = "-O";
				VALIDATE_PRODUCT = YES;
			};
			name = Release;
		};
		06A82F0025A180E9001BB7E6 /* Debug */ = {
			isa = XCBuildConfiguration;
			baseConfigurationReference = 7CB2F3CD7E4D5A36E81C9F73 /* Pods-FruitMart.debug.xcconfig */;
			buildSettings = {
				ASSETCATALOG_COMPILER_APPICON_NAME = AppIcon;
				ASSETCATALOG_COMPILER_GLOBAL_ACCENT_COLOR_NAME = AccentColor;
				CODE_SIGN_STYLE = Automatic;
				DEVELOPMENT_ASSET_PATHS = "\"FruitMart/Preview Content\"";
				DEVELOPMENT_TEAM = 9P6WAX9VN5;
				ENABLE_PREVIEWS = YES;
				INFOPLIST_FILE = FruitMart/Info.plist;
				IPHONEOS_DEPLOYMENT_TARGET = 14.0;
				LD_RUNPATH_SEARCH_PATHS = (
					"$(inherited)",
					"@executable_path/Frameworks",
				);
				PRODUCT_BUNDLE_IDENTIFIER = kr.co.FruitMart;
				PRODUCT_NAME = "$(TARGET_NAME)";
				SWIFT_VERSION = 5.0;
				TARGETED_DEVICE_FAMILY = "1,2";
			};
			name = Debug;
		};
		06A82F0125A180E9001BB7E6 /* Release */ = {
			isa = XCBuildConfiguration;
			baseConfigurationReference = ADF61141122DB16A311D8756 /* Pods-FruitMart.release.xcconfig */;
			buildSettings = {
				ASSETCATALOG_COMPILER_APPICON_NAME = AppIcon;
				ASSETCATALOG_COMPILER_GLOBAL_ACCENT_COLOR_NAME = AccentColor;
				CODE_SIGN_STYLE = Automatic;
				DEVELOPMENT_ASSET_PATHS = "\"FruitMart/Preview Content\"";
				DEVELOPMENT_TEAM = 9P6WAX9VN5;
				ENABLE_PREVIEWS = YES;
				INFOPLIST_FILE = FruitMart/Info.plist;
				IPHONEOS_DEPLOYMENT_TARGET = 14.0;
				LD_RUNPATH_SEARCH_PATHS = (
					"$(inherited)",
					"@executable_path/Frameworks",
				);
				PRODUCT_BUNDLE_IDENTIFIER = kr.co.FruitMart;
				PRODUCT_NAME = "$(TARGET_NAME)";
				SWIFT_VERSION = 5.0;
				TARGETED_DEVICE_FAMILY = "1,2";
			};
			name = Release;
		};
		06A82F0325A180E9001BB7E6 /* Debug */ = {
			isa = XCBuildConfiguration;
			baseConfigurationReference = F41CAAFC6FD92DDCC49735D1 /* Pods-FruitMartTests.debug.xcconfig */;
			buildSettings = {
				ALWAYS_EMBED_SWIFT_STANDARD_LIBRARIES = YES;
				BUNDLE_LOADER = "$(TEST_HOST)";
				CODE_SIGN_STYLE = Automatic;
				DEVELOPMENT_TEAM = 9P6WAX9VN5;
				INFOPLIST_FILE = FruitMartTests/Info.plist;
				IPHONEOS_DEPLOYMENT_TARGET = 14.3;
				LD_RUNPATH_SEARCH_PATHS = (
					"$(inherited)",
					"@executable_path/Frameworks",
					"@loader_path/Frameworks",
				);
				PRODUCT_BUNDLE_IDENTIFIER = kr.co.FruitMartTests;
				PRODUCT_NAME = "$(TARGET_NAME)";
				SWIFT_VERSION = 5.0;
				TARGETED_DEVICE_FAMILY = "1,2";
				TEST_HOST = "$(BUILT_PRODUCTS_DIR)/FruitMart.app/FruitMart";
			};
			name = Debug;
		};
		06A82F0425A180E9001BB7E6 /* Release */ = {
			isa = XCBuildConfiguration;
			baseConfigurationReference = 0F51BCCE23C312443995902F /* Pods-FruitMartTests.release.xcconfig */;
			buildSettings = {
				ALWAYS_EMBED_SWIFT_STANDARD_LIBRARIES = YES;
				BUNDLE_LOADER = "$(TEST_HOST)";
				CODE_SIGN_STYLE = Automatic;
				DEVELOPMENT_TEAM = 9P6WAX9VN5;
				INFOPLIST_FILE = FruitMartTests/Info.plist;
				IPHONEOS_DEPLOYMENT_TARGET = 14.3;
				LD_RUNPATH_SEARCH_PATHS = (
					"$(inherited)",
					"@executable_path/Frameworks",
					"@loader_path/Frameworks",
				);
				PRODUCT_BUNDLE_IDENTIFIER = kr.co.FruitMartTests;
				PRODUCT_NAME = "$(TARGET_NAME)";
				SWIFT_VERSION = 5.0;
				TARGETED_DEVICE_FAMILY = "1,2";
				TEST_HOST = "$(BUILT_PRODUCTS_DIR)/FruitMart.app/FruitMart";
			};
			name = Release;
		};
		06A82F0625A180E9001BB7E6 /* Debug */ = {
			isa = XCBuildConfiguration;
			baseConfigurationReference = 13123B0478E575E76E49811C /* Pods-FruitMart-FruitMartUITests.debug.xcconfig */;
			buildSettings = {
				ALWAYS_EMBED_SWIFT_STANDARD_LIBRARIES = YES;
				CODE_SIGN_STYLE = Automatic;
				DEVELOPMENT_TEAM = 9P6WAX9VN5;
				INFOPLIST_FILE = FruitMartUITests/Info.plist;
				LD_RUNPATH_SEARCH_PATHS = (
					"$(inherited)",
					"@executable_path/Frameworks",
					"@loader_path/Frameworks",
				);
				PRODUCT_BUNDLE_IDENTIFIER = kr.co.FruitMartUITests;
				PRODUCT_NAME = "$(TARGET_NAME)";
				SWIFT_VERSION = 5.0;
				TARGETED_DEVICE_FAMILY = "1,2";
				TEST_TARGET_NAME = FruitMart;
			};
			name = Debug;
		};
		06A82F0725A180E9001BB7E6 /* Release */ = {
			isa = XCBuildConfiguration;
			baseConfigurationReference = 6A85E1800847168B06EBC0D7 /* Pods-FruitMart-FruitMartUITests.release.xcconfig */;
			buildSettings = {
				ALWAYS_EMBED_SWIFT_STANDARD_LIBRARIES = YES;
				CODE_SIGN_STYLE = Automatic;
				DEVELOPMENT_TEAM = 9P6WAX9VN5;
				INFOPLIST_FILE = FruitMartUITests/Info.plist;
				LD_RUNPATH_SEARCH_PATHS = (
					"$(inherited)",
					"@executable_path/Frameworks",
					"@loader_path/Frameworks",
				);
				PRODUCT_BUNDLE_IDENTIFIER = kr.co.FruitMartUITests;
				PRODUCT_NAME = "$(TARGET_NAME)";
				SWIFT_VERSION = 5.0;
				TARGETED_DEVICE_FAMILY = "1,2";
				TEST_TARGET_NAME = FruitMart;
			};
			name = Release;
		};
/* End XCBuildConfiguration section */

/* Begin XCConfigurationList section */
		06A82ECD25A180E8001BB7E6 /* Build configuration list for PBXProject "FruitMart" */ = {
			isa = XCConfigurationList;
			buildConfigurations = (
				06A82EFD25A180E9001BB7E6 /* Debug */,
				06A82EFE25A180E9001BB7E6 /* Release */,
			);
			defaultConfigurationIsVisible = 0;
			defaultConfigurationName = Release;
		};
		06A82EFF25A180E9001BB7E6 /* Build configuration list for PBXNativeTarget "FruitMart" */ = {
			isa = XCConfigurationList;
			buildConfigurations = (
				06A82F0025A180E9001BB7E6 /* Debug */,
				06A82F0125A180E9001BB7E6 /* Release */,
			);
			defaultConfigurationIsVisible = 0;
			defaultConfigurationName = Release;
		};
		06A82F0225A180E9001BB7E6 /* Build configuration list for PBXNativeTarget "FruitMartTests" */ = {
			isa = XCConfigurationList;
			buildConfigurations = (
				06A82F0325A180E9001BB7E6 /* Debug */,
				06A82F0425A180E9001BB7E6 /* Release */,
			);
			defaultConfigurationIsVisible = 0;
			defaultConfigurationName = Release;
		};
		06A82F0525A180E9001BB7E6 /* Build configuration list for PBXNativeTarget "FruitMartUITests" */ = {
			isa = XCConfigurationList;
			buildConfigurations = (
				06A82F0625A180E9001BB7E6 /* Debug */,
				06A82F0725A180E9001BB7E6 /* Release */,
			);
			defaultConfigurationIsVisible = 0;
			defaultConfigurationName = Release;
		};
/* End XCConfigurationList section */

/* Begin XCRemoteSwiftPackageReference section */
		1B39801025B0270F00458394 /* XCRemoteSwiftPackageReference "Marquee" */ = {
			isa = XCRemoteSwiftPackageReference;
			repositoryURL = "https://github.com/SwiftUIKit/Marquee";
			requirement = {
				kind = upToNextMajorVersion;
				minimumVersion = 0.2.0;
			};
		};
		1B39804125B14B3000458394 /* XCRemoteSwiftPackageReference "Alamofire" */ = {
			isa = XCRemoteSwiftPackageReference;
			repositoryURL = "https://github.com/Alamofire/Alamofire.git";
			requirement = {
				kind = upToNextMajorVersion;
				minimumVersion = 5.4.1;
			};
		};
/* End XCRemoteSwiftPackageReference section */

/* Begin XCSwiftPackageProductDependency section */
		1B39801125B0270F00458394 /* Marquee */ = {
			isa = XCSwiftPackageProductDependency;
			package = 1B39801025B0270F00458394 /* XCRemoteSwiftPackageReference "Marquee" */;
			productName = Marquee;
		};
		1B39804225B14B3000458394 /* Alamofire */ = {
			isa = XCSwiftPackageProductDependency;
			package = 1B39804125B14B3000458394 /* XCRemoteSwiftPackageReference "Alamofire" */;
			productName = Alamofire;
		};
/* End XCSwiftPackageProductDependency section */

/* Begin XCVersionGroup section */
		06A82EDB25A180E8001BB7E6 /* FruitMart.xcdatamodeld */ = {
			isa = XCVersionGroup;
			children = (
				06A82EDC25A180E8001BB7E6 /* FruitMart.xcdatamodel */,
			);
			currentVersion = 06A82EDC25A180E8001BB7E6 /* FruitMart.xcdatamodel */;
			path = FruitMart.xcdatamodeld;
			sourceTree = "<group>";
			versionGroupType = wrapper.xcdatamodel;
		};
/* End XCVersionGroup section */
	};
	rootObject = 06A82ECA25A180E8001BB7E6 /* Project object */;
}
